
Microsoft Visual Studio Solution File, Format Version 12.00
# Visual Studio Version 17
VisualStudioVersion = 17.0.31903.59
MinimumVisualStudioVersion = 10.0.40219.1
Project("{FAE04EC0-301F-11D3-BF4B-00C04F79EFBC}") = "GnomeStack.Pulumi.Command.Builder", "src\GnomeStack.Pulumi.Command.Builder.csproj", "{22B08C61-49DE-49BB-9F17-17D404C840BC}"
EndProject
Project("{FAE04EC0-301F-11D3-BF4B-00C04F79EFBC}") = "GnomeStack.Pulumi.Command.Builder.Tests", "test\GnomeStack.Pulumi.Command.Builder.Tests.csproj", "{92CDA572-483E-4501-A405-2D8C3BCB729E}"
EndProject
Global
	GlobalSection(SolutionConfigurationPlatforms) = preSolution
		Debug|Any CPU = Debug|Any CPU
		Release|Any CPU = Release|Any CPU
	EndGlobalSection
	GlobalSection(SolutionProperties) = preSolution
		HideSolutionNode = FALSE
	EndGlobalSection
	GlobalSection(ProjectConfigurationPlatforms) = postSolution
		{22B08C61-49DE-49BB-9F17-17D404C840BC}.Debug|Any CPU.ActiveCfg = Debug|Any CPU
		{22B08C61-49DE-49BB-9F17-17D404C840BC}.Debug|Any CPU.Build.0 = Debug|Any CPU
		{22B08C61-49DE-49BB-9F17-17D404C840BC}.Release|Any CPU.ActiveCfg = Release|Any CPU
		{22B08C61-49DE-49BB-9F17-17D404C840BC}.Release|Any CPU.Build.0 = Release|Any CPU
		{92CDA572-483E-4501-A405-2D8C3BCB729E}.Debug|Any CPU.ActiveCfg = Debug|Any CPU
		{92CDA572-483E-4501-A405-2D8C3BCB729E}.Debug|Any CPU.Build.0 = Debug|Any CPU
		{92CDA572-483E-4501-A405-2D8C3BCB729E}.Release|Any CPU.ActiveCfg = Release|Any CPU
		{92CDA572-483E-4501-A405-2D8C3BCB729E}.Release|Any CPU.Build.0 = Release|Any CPU
	EndGlobalSection
EndGlobal
