
Microsoft Visual Studio Solution File, Format Version 12.00
# Visual Studio Version 17
VisualStudioVersion = 17.0.31903.59
MinimumVisualStudioVersion = 10.0.40219.1
Project("{FAE04EC0-301F-11D3-BF4B-00C04F79EFBC}") = "GnomeStack.Extensions.Auditing.Abstractions", "src\GnomeStack.Extensions.Auditing.Abstractions.csproj", "{81E36BE0-C2FA-4FED-A233-5433F044D015}"
EndProject
Project("{FAE04EC0-301F-11D3-BF4B-00C04F79EFBC}") = "GnomeStack.Extensions.Auditing.Abstractions.Tests", "test\GnomeStack.Extensions.Auditing.Abstractions.Tests.csproj", "{E44ED28D-F027-470D-8936-33005577C21C}"
EndProject
Global
	GlobalSection(SolutionConfigurationPlatforms) = preSolution
		Debug|Any CPU = Debug|Any CPU
		Release|Any CPU = Release|Any CPU
	EndGlobalSection
	GlobalSection(SolutionProperties) = preSolution
		HideSolutionNode = FALSE
	EndGlobalSection
	GlobalSection(ProjectConfigurationPlatforms) = postSolution
		{81E36BE0-C2FA-4FED-A233-5433F044D015}.Debug|Any CPU.ActiveCfg = Debug|Any CPU
		{81E36BE0-C2FA-4FED-A233-5433F044D015}.Debug|Any CPU.Build.0 = Debug|Any CPU
		{81E36BE0-C2FA-4FED-A233-5433F044D015}.Release|Any CPU.ActiveCfg = Release|Any CPU
		{81E36BE0-C2FA-4FED-A233-5433F044D015}.Release|Any CPU.Build.0 = Release|Any CPU
		{E44ED28D-F027-470D-8936-33005577C21C}.Debug|Any CPU.ActiveCfg = Debug|Any CPU
		{E44ED28D-F027-470D-8936-33005577C21C}.Debug|Any CPU.Build.0 = Debug|Any CPU
		{E44ED28D-F027-470D-8936-33005577C21C}.Release|Any CPU.ActiveCfg = Release|Any CPU
		{E44ED28D-F027-470D-8936-33005577C21C}.Release|Any CPU.Build.0 = Release|Any CPU
	EndGlobalSection
EndGlobal
