
Microsoft Visual Studio Solution File, Format Version 12.00
# Visual Studio Version 17
VisualStudioVersion = 17.0.31903.59
MinimumVisualStudioVersion = 10.0.40219.1
Project("{FAE04EC0-301F-11D3-BF4B-00C04F79EFBC}") = "GnomeStack.Generators.Builder", "src\GnomeStack.Generators.Builder.csproj", "{992308CA-1F59-412D-9826-D5DE949E1637}"
EndProject
Project("{FAE04EC0-301F-11D3-BF4B-00C04F79EFBC}") = "GnomeStack.Generators.Builder.Tests", "test\GnomeStack.Generators.Builder.Tests.csproj", "{0900BCDC-15CF-4BEC-8D47-DBC04F3FB139}"
EndProject
Global
	GlobalSection(SolutionConfigurationPlatforms) = preSolution
		Debug|Any CPU = Debug|Any CPU
		Release|Any CPU = Release|Any CPU
	EndGlobalSection
	GlobalSection(SolutionProperties) = preSolution
		HideSolutionNode = FALSE
	EndGlobalSection
	GlobalSection(ProjectConfigurationPlatforms) = postSolution
		{992308CA-1F59-412D-9826-D5DE949E1637}.Debug|Any CPU.ActiveCfg = Debug|Any CPU
		{992308CA-1F59-412D-9826-D5DE949E1637}.Debug|Any CPU.Build.0 = Debug|Any CPU
		{992308CA-1F59-412D-9826-D5DE949E1637}.Release|Any CPU.ActiveCfg = Release|Any CPU
		{992308CA-1F59-412D-9826-D5DE949E1637}.Release|Any CPU.Build.0 = Release|Any CPU
		{0900BCDC-15CF-4BEC-8D47-DBC04F3FB139}.Debug|Any CPU.ActiveCfg = Debug|Any CPU
		{0900BCDC-15CF-4BEC-8D47-DBC04F3FB139}.Debug|Any CPU.Build.0 = Debug|Any CPU
		{0900BCDC-15CF-4BEC-8D47-DBC04F3FB139}.Release|Any CPU.ActiveCfg = Release|Any CPU
		{0900BCDC-15CF-4BEC-8D47-DBC04F3FB139}.Release|Any CPU.Build.0 = Release|Any CPU
	EndGlobalSection
EndGlobal
