
Microsoft Visual Studio Solution File, Format Version 12.00
# Visual Studio Version 17
VisualStudioVersion = 17.0.31903.59
MinimumVisualStudioVersion = 10.0.40219.1
Project("{FAE04EC0-301F-11D3-BF4B-00C04F79EFBC}") = "GnomeStack.Data", "src\GnomeStack.Data.csproj", "{A0B4EE75-DB16-42B5-AE56-A1A7EA310C6C}"
EndProject
Project("{FAE04EC0-301F-11D3-BF4B-00C04F79EFBC}") = "GnomeStack.Data.Tests", "test\GnomeStack.Data.Tests.csproj", "{3044E01D-DE95-4B28-BB43-0EA54267C2FA}"
EndProject
Global
	GlobalSection(SolutionConfigurationPlatforms) = preSolution
		Debug|Any CPU = Debug|Any CPU
		Release|Any CPU = Release|Any CPU
	EndGlobalSection
	GlobalSection(SolutionProperties) = preSolution
		HideSolutionNode = FALSE
	EndGlobalSection
	GlobalSection(ProjectConfigurationPlatforms) = postSolution
		{A0B4EE75-DB16-42B5-AE56-A1A7EA310C6C}.Debug|Any CPU.ActiveCfg = Debug|Any CPU
		{A0B4EE75-DB16-42B5-AE56-A1A7EA310C6C}.Debug|Any CPU.Build.0 = Debug|Any CPU
		{A0B4EE75-DB16-42B5-AE56-A1A7EA310C6C}.Release|Any CPU.ActiveCfg = Release|Any CPU
		{A0B4EE75-DB16-42B5-AE56-A1A7EA310C6C}.Release|Any CPU.Build.0 = Release|Any CPU
		{3044E01D-DE95-4B28-BB43-0EA54267C2FA}.Debug|Any CPU.ActiveCfg = Debug|Any CPU
		{3044E01D-DE95-4B28-BB43-0EA54267C2FA}.Debug|Any CPU.Build.0 = Debug|Any CPU
		{3044E01D-DE95-4B28-BB43-0EA54267C2FA}.Release|Any CPU.ActiveCfg = Release|Any CPU
		{3044E01D-DE95-4B28-BB43-0EA54267C2FA}.Release|Any CPU.Build.0 = Release|Any CPU
	EndGlobalSection
EndGlobal
