
Microsoft Visual Studio Solution File, Format Version 12.00
# Visual Studio Version 17
VisualStudioVersion = 17.0.31903.59
MinimumVisualStudioVersion = 10.0.40219.1
Project("{FAE04EC0-301F-11D3-BF4B-00C04F79EFBC}") = "GnomeStack.Ps.ShellRunner", "src\GnomeStack.Ps.ShellRunner.csproj", "{F27B9740-A2F2-41DA-AA69-037B6EFC82B4}"
EndProject
Project("{FAE04EC0-301F-11D3-BF4B-00C04F79EFBC}") = "GnomeStack.Ps.ShellRunner.Tests", "test\GnomeStack.Ps.ShellRunner.Tests.csproj", "{BE5E8708-10FC-4B68-A211-205B86B1A33D}"
EndProject
Global
	GlobalSection(SolutionConfigurationPlatforms) = preSolution
		Debug|Any CPU = Debug|Any CPU
		Release|Any CPU = Release|Any CPU
	EndGlobalSection
	GlobalSection(SolutionProperties) = preSolution
		HideSolutionNode = FALSE
	EndGlobalSection
	GlobalSection(ProjectConfigurationPlatforms) = postSolution
		{F27B9740-A2F2-41DA-AA69-037B6EFC82B4}.Debug|Any CPU.ActiveCfg = Debug|Any CPU
		{F27B9740-A2F2-41DA-AA69-037B6EFC82B4}.Debug|Any CPU.Build.0 = Debug|Any CPU
		{F27B9740-A2F2-41DA-AA69-037B6EFC82B4}.Release|Any CPU.ActiveCfg = Release|Any CPU
		{F27B9740-A2F2-41DA-AA69-037B6EFC82B4}.Release|Any CPU.Build.0 = Release|Any CPU
		{BE5E8708-10FC-4B68-A211-205B86B1A33D}.Debug|Any CPU.ActiveCfg = Debug|Any CPU
		{BE5E8708-10FC-4B68-A211-205B86B1A33D}.Debug|Any CPU.Build.0 = Debug|Any CPU
		{BE5E8708-10FC-4B68-A211-205B86B1A33D}.Release|Any CPU.ActiveCfg = Release|Any CPU
		{BE5E8708-10FC-4B68-A211-205B86B1A33D}.Release|Any CPU.Build.0 = Release|Any CPU
	EndGlobalSection
EndGlobal
