
Microsoft Visual Studio Solution File, Format Version 12.00
# Visual Studio Version 17
VisualStudioVersion = 17.0.31903.59
MinimumVisualStudioVersion = 10.0.40219.1
Project("{2150E333-8FDC-42A3-9474-1A3956D46DE8}") = "PowerShell", "PowerShell", "{76929D8D-ADE0-46A6-ADCC-DB47113D6F28}"
EndProject
Project("{FAE04EC0-301F-11D3-BF4B-00C04F79EFBC}") = "GnomeStack.PowerShell", "PowerShell\src\GnomeStack.PowerShell.csproj", "{B80831F9-82D0-46C6-8B29-BDD9521D1A46}"
EndProject
Project("{2150E333-8FDC-42A3-9474-1A3956D46DE8}") = "PowerShell.Core", "PowerShell.Core", "{4F59DE03-A04E-4C05-BBBB-C0C447F311DE}"
EndProject
Project("{FAE04EC0-301F-11D3-BF4B-00C04F79EFBC}") = "GnomeStack.PowerShell.Core", "PowerShell.Core\src\GnomeStack.PowerShell.Core.csproj", "{0E32416A-5574-42E0-A685-F943A1DD3318}"
EndProject
Project("{2150E333-8FDC-42A3-9474-1A3956D46DE8}") = "PowerShell.Pipelines", "PowerShell.Pipelines", "{C1BE7EE2-384C-4B0D-A150-1EEA1251FD4A}"
EndProject
Project("{FAE04EC0-301F-11D3-BF4B-00C04F79EFBC}") = "GnomeStack.PowerShell.Pipelines", "PowerShell.Pipelines\src\GnomeStack.PowerShell.Pipelines.csproj", "{E6BA148C-1C8D-438C-972B-ACCE551C2338}"
EndProject
Project("{2150E333-8FDC-42A3-9474-1A3956D46DE8}") = "PowerShell.Yaml", "PowerShell.Yaml", "{2D87A55D-44EE-421A-87A5-BA07307FA492}"
EndProject
Project("{FAE04EC0-301F-11D3-BF4B-00C04F79EFBC}") = "GnomeStack.PowerShell.Yaml", "PowerShell.Yaml\src\GnomeStack.PowerShell.Yaml.csproj", "{7B285781-5DB1-43C2-AD7D-ADD7421CEF69}"
EndProject
Project("{2150E333-8FDC-42A3-9474-1A3956D46DE8}") = "PowerShell.Data", "PowerShell.Data", "{4B4D8600-786C-46E4-9337-CB382641120A}"
EndProject
Project("{FAE04EC0-301F-11D3-BF4B-00C04F79EFBC}") = "GnomeStack.PowerShell.Data", "PowerShell.Data\src\GnomeStack.PowerShell.Data.csproj", "{FC3DD416-17FD-498C-BE95-357D6D60AF5E}"
EndProject
Project("{2150E333-8FDC-42A3-9474-1A3956D46DE8}") = "PowerShell.KeePass", "PowerShell.KeePass", "{0965F87C-2A9E-43C4-8C6C-A805483133B0}"
EndProject
Project("{FAE04EC0-301F-11D3-BF4B-00C04F79EFBC}") = "GnomeStack.PowerShell.KeePass", "PowerShell.KeePass\src\GnomeStack.PowerShell.KeePass.csproj", "{7C7FC9B4-A156-477B-9271-A7A9D795AB26}"
EndProject
Project("{FAE04EC0-301F-11D3-BF4B-00C04F79EFBC}") = "GnomeStack.Core", "..\lib\Core\src\GnomeStack.Core.csproj", "{A1CC73BF-7E57-4B33-8999-590D2C3349BC}"
EndProject
Project("{FAE04EC0-301F-11D3-BF4B-00C04F79EFBC}") = "GnomeStack.Text.DotEnv", "..\lib\Text.DotEnv\src\GnomeStack.Text.DotEnv.csproj", "{2AA36765-723D-4C8B-9B5D-2428330BAFEA}"
EndProject
Project("{FAE04EC0-301F-11D3-BF4B-00C04F79EFBC}") = "GnomeStack.OS.Release", "..\lib\OS.Release\src\GnomeStack.OS.Release.csproj", "{C4702A70-AF8A-4B59-9F29-22C4D28E6DE3}"
EndProject
Project("{2150E333-8FDC-42A3-9474-1A3956D46DE8}") = "lib", "lib", "{1DF57B00-7A04-4D7B-8193-0D0218695143}"
EndProject
Project("{FAE04EC0-301F-11D3-BF4B-00C04F79EFBC}") = "GnomeStack.Security.Cryptography", "..\lib\Security.Cryptography\src\GnomeStack.Security.Cryptography.csproj", "{3F72512E-1575-40F6-94CE-DE1E98AB740B}"
EndProject
Project("{FAE04EC0-301F-11D3-BF4B-00C04F79EFBC}") = "GnomeStack.Text.Yaml", "..\lib\Text.Yaml\src\GnomeStack.Text.Yaml.csproj", "{E812EE8B-E135-4E43-A306-4482E3061C93}"
EndProject
Project("{FAE04EC0-301F-11D3-BF4B-00C04F79EFBC}") = "GnomeStack.Extras.Handlebars", "..\lib\Extras.Handlebars\src\GnomeStack.Extras.Handlebars.csproj", "{EBB3BFCC-D5CB-42B7-9B60-7D92AF643C9E}"
EndProject
Project("{FAE04EC0-301F-11D3-BF4B-00C04F79EFBC}") = "GnomeStack.Extras.KpcLib", "..\lib\Extras.KpcLib\src\GnomeStack.Extras.KpcLib.csproj", "{F626A376-136A-427C-940E-ABDEDC6D1E71}"
EndProject
Project("{FAE04EC0-301F-11D3-BF4B-00C04F79EFBC}") = "GnomeStack.Text.Json", "..\lib\Text.Json\src\GnomeStack.Text.Json.csproj", "{648129EE-92F0-48E6-9B8C-E45D520F3EC9}"
EndProject
Project("{2150E333-8FDC-42A3-9474-1A3956D46DE8}") = "PowerShell.Handlebars", "PowerShell.Handlebars", "{4EB0555A-E3E3-4A3C-A6EE-EED59380EA6E}"
EndProject
Project("{FAE04EC0-301F-11D3-BF4B-00C04F79EFBC}") = "GnomeStack.PowerShell.Handlebars", "PowerShell.Handlebars\src\GnomeStack.PowerShell.Handlebars.csproj", "{B3FE235B-14F6-4A6C-96F3-68CE665119C8}"
EndProject
Project("{2150E333-8FDC-42A3-9474-1A3956D46DE8}") = "PowerShell.Os.Release", "PowerShell.Os.Release", "{F1EBD1BE-29A2-4A0B-9656-C3F3E949C741}"
EndProject
Project("{FAE04EC0-301F-11D3-BF4B-00C04F79EFBC}") = "GnomeStack.PowerShell.Os.Release", "PowerShell.Os.Release\src\GnomeStack.PowerShell.Os.Release.csproj", "{3C00BF28-0E70-4F56-A521-4792BAD3B7E5}"
EndProject
Project("{2150E333-8FDC-42A3-9474-1A3956D46DE8}") = "PowerShell.Html", "PowerShell.Html", "{6EC035A2-2200-4503-A097-8A061A4BDA3F}"
EndProject
Project("{FAE04EC0-301F-11D3-BF4B-00C04F79EFBC}") = "GnomeStack.PowerShell.Html", "PowerShell.Html\src\GnomeStack.PowerShell.Html.csproj", "{AC533DCE-8B90-4AA0-BA98-A998A3D0C2BC}"
EndProject
Project("{2150E333-8FDC-42A3-9474-1A3956D46DE8}") = "PowerShell.ShellRunner", "PowerShell.ShellRunner", "{6939EE5F-A115-45DA-AFFE-B6CB7FE3A2D2}"
EndProject
Project("{FAE04EC0-301F-11D3-BF4B-00C04F79EFBC}") = "GnomeStack.PowerShell.ShellRunner", "PowerShell.ShellRunner\src\GnomeStack.PowerShell.ShellRunner.csproj", "{ED508C79-6B3F-4BD7-B4ED-40ABB00D858C}"
EndProject
Project("{2150E333-8FDC-42A3-9474-1A3956D46DE8}") = "PowerShell.Github.Releases", "PowerShell.Github.Releases", "{48A701B1-805A-42A1-9E2A-DF0CADC49BAF}"
EndProject
Project("{FAE04EC0-301F-11D3-BF4B-00C04F79EFBC}") = "GnomeStack.PowerShell.Github.Releases", "PowerShell.Github.Releases\src\GnomeStack.PowerShell.Github.Releases.csproj", "{4BC64EE3-9499-4EF9-AA8A-9F1919C03031}"
EndProject
Project("{2150E333-8FDC-42A3-9474-1A3956D46DE8}") = "PowerShell.DotEnv", "PowerShell.DotEnv", "{D750BD57-7EB9-4EDD-929E-7BA4AACB9375}"
EndProject
Project("{FAE04EC0-301F-11D3-BF4B-00C04F79EFBC}") = "GnomeStack.PowerShell.DotEnv", "PowerShell.DotEnv\src\GnomeStack.PowerShell.DotEnv.csproj", "{7A13D1CA-15F6-4547-AC20-462BE2AB4DD0}"
EndProject
Global
	GlobalSection(SolutionConfigurationPlatforms) = preSolution
		Debug|Any CPU = Debug|Any CPU
		Release|Any CPU = Release|Any CPU
	EndGlobalSection
	GlobalSection(SolutionProperties) = preSolution
		HideSolutionNode = FALSE
	EndGlobalSection
	GlobalSection(ProjectConfigurationPlatforms) = postSolution
		{B80831F9-82D0-46C6-8B29-BDD9521D1A46}.Debug|Any CPU.ActiveCfg = Debug|Any CPU
		{B80831F9-82D0-46C6-8B29-BDD9521D1A46}.Debug|Any CPU.Build.0 = Debug|Any CPU
		{B80831F9-82D0-46C6-8B29-BDD9521D1A46}.Release|Any CPU.ActiveCfg = Release|Any CPU
		{B80831F9-82D0-46C6-8B29-BDD9521D1A46}.Release|Any CPU.Build.0 = Release|Any CPU
		{0E32416A-5574-42E0-A685-F943A1DD3318}.Debug|Any CPU.ActiveCfg = Debug|Any CPU
		{0E32416A-5574-42E0-A685-F943A1DD3318}.Debug|Any CPU.Build.0 = Debug|Any CPU
		{0E32416A-5574-42E0-A685-F943A1DD3318}.Release|Any CPU.ActiveCfg = Release|Any CPU
		{0E32416A-5574-42E0-A685-F943A1DD3318}.Release|Any CPU.Build.0 = Release|Any CPU
		{E6BA148C-1C8D-438C-972B-ACCE551C2338}.Debug|Any CPU.ActiveCfg = Debug|Any CPU
		{E6BA148C-1C8D-438C-972B-ACCE551C2338}.Debug|Any CPU.Build.0 = Debug|Any CPU
		{E6BA148C-1C8D-438C-972B-ACCE551C2338}.Release|Any CPU.ActiveCfg = Release|Any CPU
		{E6BA148C-1C8D-438C-972B-ACCE551C2338}.Release|Any CPU.Build.0 = Release|Any CPU
		{7B285781-5DB1-43C2-AD7D-ADD7421CEF69}.Debug|Any CPU.ActiveCfg = Debug|Any CPU
		{7B285781-5DB1-43C2-AD7D-ADD7421CEF69}.Debug|Any CPU.Build.0 = Debug|Any CPU
		{7B285781-5DB1-43C2-AD7D-ADD7421CEF69}.Release|Any CPU.ActiveCfg = Release|Any CPU
		{7B285781-5DB1-43C2-AD7D-ADD7421CEF69}.Release|Any CPU.Build.0 = Release|Any CPU
		{FC3DD416-17FD-498C-BE95-357D6D60AF5E}.Debug|Any CPU.ActiveCfg = Debug|Any CPU
		{FC3DD416-17FD-498C-BE95-357D6D60AF5E}.Debug|Any CPU.Build.0 = Debug|Any CPU
		{FC3DD416-17FD-498C-BE95-357D6D60AF5E}.Release|Any CPU.ActiveCfg = Release|Any CPU
		{FC3DD416-17FD-498C-BE95-357D6D60AF5E}.Release|Any CPU.Build.0 = Release|Any CPU
		{7C7FC9B4-A156-477B-9271-A7A9D795AB26}.Debug|Any CPU.ActiveCfg = Debug|Any CPU
		{7C7FC9B4-A156-477B-9271-A7A9D795AB26}.Debug|Any CPU.Build.0 = Debug|Any CPU
		{7C7FC9B4-A156-477B-9271-A7A9D795AB26}.Release|Any CPU.ActiveCfg = Release|Any CPU
		{7C7FC9B4-A156-477B-9271-A7A9D795AB26}.Release|Any CPU.Build.0 = Release|Any CPU
		{A1CC73BF-7E57-4B33-8999-590D2C3349BC}.Debug|Any CPU.ActiveCfg = Debug|Any CPU
		{A1CC73BF-7E57-4B33-8999-590D2C3349BC}.Debug|Any CPU.Build.0 = Debug|Any CPU
		{A1CC73BF-7E57-4B33-8999-590D2C3349BC}.Release|Any CPU.ActiveCfg = Release|Any CPU
		{A1CC73BF-7E57-4B33-8999-590D2C3349BC}.Release|Any CPU.Build.0 = Release|Any CPU
		{2AA36765-723D-4C8B-9B5D-2428330BAFEA}.Debug|Any CPU.ActiveCfg = Debug|Any CPU
		{2AA36765-723D-4C8B-9B5D-2428330BAFEA}.Debug|Any CPU.Build.0 = Debug|Any CPU
		{2AA36765-723D-4C8B-9B5D-2428330BAFEA}.Release|Any CPU.ActiveCfg = Release|Any CPU
		{2AA36765-723D-4C8B-9B5D-2428330BAFEA}.Release|Any CPU.Build.0 = Release|Any CPU
		{C4702A70-AF8A-4B59-9F29-22C4D28E6DE3}.Debug|Any CPU.ActiveCfg = Debug|Any CPU
		{C4702A70-AF8A-4B59-9F29-22C4D28E6DE3}.Debug|Any CPU.Build.0 = Debug|Any CPU
		{C4702A70-AF8A-4B59-9F29-22C4D28E6DE3}.Release|Any CPU.ActiveCfg = Release|Any CPU
		{C4702A70-AF8A-4B59-9F29-22C4D28E6DE3}.Release|Any CPU.Build.0 = Release|Any CPU
		{3F72512E-1575-40F6-94CE-DE1E98AB740B}.Debug|Any CPU.ActiveCfg = Debug|Any CPU
		{3F72512E-1575-40F6-94CE-DE1E98AB740B}.Debug|Any CPU.Build.0 = Debug|Any CPU
		{3F72512E-1575-40F6-94CE-DE1E98AB740B}.Release|Any CPU.ActiveCfg = Release|Any CPU
		{3F72512E-1575-40F6-94CE-DE1E98AB740B}.Release|Any CPU.Build.0 = Release|Any CPU
		{E812EE8B-E135-4E43-A306-4482E3061C93}.Debug|Any CPU.ActiveCfg = Debug|Any CPU
		{E812EE8B-E135-4E43-A306-4482E3061C93}.Debug|Any CPU.Build.0 = Debug|Any CPU
		{E812EE8B-E135-4E43-A306-4482E3061C93}.Release|Any CPU.ActiveCfg = Release|Any CPU
		{E812EE8B-E135-4E43-A306-4482E3061C93}.Release|Any CPU.Build.0 = Release|Any CPU
		{EBB3BFCC-D5CB-42B7-9B60-7D92AF643C9E}.Debug|Any CPU.ActiveCfg = Debug|Any CPU
		{EBB3BFCC-D5CB-42B7-9B60-7D92AF643C9E}.Debug|Any CPU.Build.0 = Debug|Any CPU
		{EBB3BFCC-D5CB-42B7-9B60-7D92AF643C9E}.Release|Any CPU.ActiveCfg = Release|Any CPU
		{EBB3BFCC-D5CB-42B7-9B60-7D92AF643C9E}.Release|Any CPU.Build.0 = Release|Any CPU
		{F626A376-136A-427C-940E-ABDEDC6D1E71}.Debug|Any CPU.ActiveCfg = Debug|Any CPU
		{F626A376-136A-427C-940E-ABDEDC6D1E71}.Debug|Any CPU.Build.0 = Debug|Any CPU
		{F626A376-136A-427C-940E-ABDEDC6D1E71}.Release|Any CPU.ActiveCfg = Release|Any CPU
		{F626A376-136A-427C-940E-ABDEDC6D1E71}.Release|Any CPU.Build.0 = Release|Any CPU
		{648129EE-92F0-48E6-9B8C-E45D520F3EC9}.Debug|Any CPU.ActiveCfg = Debug|Any CPU
		{648129EE-92F0-48E6-9B8C-E45D520F3EC9}.Debug|Any CPU.Build.0 = Debug|Any CPU
		{648129EE-92F0-48E6-9B8C-E45D520F3EC9}.Release|Any CPU.ActiveCfg = Release|Any CPU
		{648129EE-92F0-48E6-9B8C-E45D520F3EC9}.Release|Any CPU.Build.0 = Release|Any CPU
		{B3FE235B-14F6-4A6C-96F3-68CE665119C8}.Debug|Any CPU.ActiveCfg = Debug|Any CPU
		{B3FE235B-14F6-4A6C-96F3-68CE665119C8}.Debug|Any CPU.Build.0 = Debug|Any CPU
		{B3FE235B-14F6-4A6C-96F3-68CE665119C8}.Release|Any CPU.ActiveCfg = Release|Any CPU
		{B3FE235B-14F6-4A6C-96F3-68CE665119C8}.Release|Any CPU.Build.0 = Release|Any CPU
		{3C00BF28-0E70-4F56-A521-4792BAD3B7E5}.Debug|Any CPU.ActiveCfg = Debug|Any CPU
		{3C00BF28-0E70-4F56-A521-4792BAD3B7E5}.Debug|Any CPU.Build.0 = Debug|Any CPU
		{3C00BF28-0E70-4F56-A521-4792BAD3B7E5}.Release|Any CPU.ActiveCfg = Release|Any CPU
		{3C00BF28-0E70-4F56-A521-4792BAD3B7E5}.Release|Any CPU.Build.0 = Release|Any CPU
		{AC533DCE-8B90-4AA0-BA98-A998A3D0C2BC}.Debug|Any CPU.ActiveCfg = Debug|Any CPU
		{AC533DCE-8B90-4AA0-BA98-A998A3D0C2BC}.Debug|Any CPU.Build.0 = Debug|Any CPU
		{AC533DCE-8B90-4AA0-BA98-A998A3D0C2BC}.Release|Any CPU.ActiveCfg = Release|Any CPU
		{AC533DCE-8B90-4AA0-BA98-A998A3D0C2BC}.Release|Any CPU.Build.0 = Release|Any CPU
		{ED508C79-6B3F-4BD7-B4ED-40ABB00D858C}.Debug|Any CPU.ActiveCfg = Debug|Any CPU
		{ED508C79-6B3F-4BD7-B4ED-40ABB00D858C}.Debug|Any CPU.Build.0 = Debug|Any CPU
		{ED508C79-6B3F-4BD7-B4ED-40ABB00D858C}.Release|Any CPU.ActiveCfg = Release|Any CPU
		{ED508C79-6B3F-4BD7-B4ED-40ABB00D858C}.Release|Any CPU.Build.0 = Release|Any CPU
		{4BC64EE3-9499-4EF9-AA8A-9F1919C03031}.Debug|Any CPU.ActiveCfg = Debug|Any CPU
		{4BC64EE3-9499-4EF9-AA8A-9F1919C03031}.Debug|Any CPU.Build.0 = Debug|Any CPU
		{4BC64EE3-9499-4EF9-AA8A-9F1919C03031}.Release|Any CPU.ActiveCfg = Release|Any CPU
		{4BC64EE3-9499-4EF9-AA8A-9F1919C03031}.Release|Any CPU.Build.0 = Release|Any CPU
		{7A13D1CA-15F6-4547-AC20-462BE2AB4DD0}.Debug|Any CPU.ActiveCfg = Debug|Any CPU
		{7A13D1CA-15F6-4547-AC20-462BE2AB4DD0}.Debug|Any CPU.Build.0 = Debug|Any CPU
		{7A13D1CA-15F6-4547-AC20-462BE2AB4DD0}.Release|Any CPU.ActiveCfg = Release|Any CPU
		{7A13D1CA-15F6-4547-AC20-462BE2AB4DD0}.Release|Any CPU.Build.0 = Release|Any CPU
	EndGlobalSection
	GlobalSection(NestedProjects) = preSolution
		{B80831F9-82D0-46C6-8B29-BDD9521D1A46} = {76929D8D-ADE0-46A6-ADCC-DB47113D6F28}
		{0E32416A-5574-42E0-A685-F943A1DD3318} = {4F59DE03-A04E-4C05-BBBB-C0C447F311DE}
		{E6BA148C-1C8D-438C-972B-ACCE551C2338} = {C1BE7EE2-384C-4B0D-A150-1EEA1251FD4A}
		{7B285781-5DB1-43C2-AD7D-ADD7421CEF69} = {2D87A55D-44EE-421A-87A5-BA07307FA492}
		{FC3DD416-17FD-498C-BE95-357D6D60AF5E} = {4B4D8600-786C-46E4-9337-CB382641120A}
		{7C7FC9B4-A156-477B-9271-A7A9D795AB26} = {0965F87C-2A9E-43C4-8C6C-A805483133B0}
		{C4702A70-AF8A-4B59-9F29-22C4D28E6DE3} = {1DF57B00-7A04-4D7B-8193-0D0218695143}
		{2AA36765-723D-4C8B-9B5D-2428330BAFEA} = {1DF57B00-7A04-4D7B-8193-0D0218695143}
		{A1CC73BF-7E57-4B33-8999-590D2C3349BC} = {1DF57B00-7A04-4D7B-8193-0D0218695143}
		{3F72512E-1575-40F6-94CE-DE1E98AB740B} = {1DF57B00-7A04-4D7B-8193-0D0218695143}
		{E812EE8B-E135-4E43-A306-4482E3061C93} = {1DF57B00-7A04-4D7B-8193-0D0218695143}
		{EBB3BFCC-D5CB-42B7-9B60-7D92AF643C9E} = {1DF57B00-7A04-4D7B-8193-0D0218695143}
		{F626A376-136A-427C-940E-ABDEDC6D1E71} = {1DF57B00-7A04-4D7B-8193-0D0218695143}
		{648129EE-92F0-48E6-9B8C-E45D520F3EC9} = {1DF57B00-7A04-4D7B-8193-0D0218695143}
		{B3FE235B-14F6-4A6C-96F3-68CE665119C8} = {4EB0555A-E3E3-4A3C-A6EE-EED59380EA6E}
		{3C00BF28-0E70-4F56-A521-4792BAD3B7E5} = {F1EBD1BE-29A2-4A0B-9656-C3F3E949C741}
		{AC533DCE-8B90-4AA0-BA98-A998A3D0C2BC} = {6EC035A2-2200-4503-A097-8A061A4BDA3F}
		{ED508C79-6B3F-4BD7-B4ED-40ABB00D858C} = {6939EE5F-A115-45DA-AFFE-B6CB7FE3A2D2}
		{4BC64EE3-9499-4EF9-AA8A-9F1919C03031} = {48A701B1-805A-42A1-9E2A-DF0CADC49BAF}
		{7A13D1CA-15F6-4547-AC20-462BE2AB4DD0} = {D750BD57-7EB9-4EDD-929E-7BA4AACB9375}
	EndGlobalSection
EndGlobal
