
Microsoft Visual Studio Solution File, Format Version 12.00
# Visual Studio Version 17
VisualStudioVersion = 17.0.31903.59
MinimumVisualStudioVersion = 10.0.40219.1
Project("{2150E333-8FDC-42A3-9474-1A3956D46DE8}") = "src", "src", "{6DDA21EE-C9E8-4C42-98ED-D04A4A1264AF}"
EndProject
Project("{FAE04EC0-301F-11D3-BF4B-00C04F79EFBC}") = "GnomeStack.CommandLine.Hosting", "src\CommandLine.Hosting\GnomeStack.CommandLine.Hosting.csproj", "{3A8CEDC3-2484-43B9-B30E-13AD09A5606A}"
EndProject
Global
	GlobalSection(SolutionConfigurationPlatforms) = preSolution
		Debug|Any CPU = Debug|Any CPU
		Release|Any CPU = Release|Any CPU
	EndGlobalSection
	GlobalSection(SolutionProperties) = preSolution
		HideSolutionNode = FALSE
	EndGlobalSection
	GlobalSection(ProjectConfigurationPlatforms) = postSolution
		{3A8CEDC3-2484-43B9-B30E-13AD09A5606A}.Debug|Any CPU.ActiveCfg = Debug|Any CPU
		{3A8CEDC3-2484-43B9-B30E-13AD09A5606A}.Debug|Any CPU.Build.0 = Debug|Any CPU
		{3A8CEDC3-2484-43B9-B30E-13AD09A5606A}.Release|Any CPU.ActiveCfg = Release|Any CPU
		{3A8CEDC3-2484-43B9-B30E-13AD09A5606A}.Release|Any CPU.Build.0 = Release|Any CPU
	EndGlobalSection
	GlobalSection(NestedProjects) = preSolution
		{3A8CEDC3-2484-43B9-B30E-13AD09A5606A} = {6DDA21EE-C9E8-4C42-98ED-D04A4A1264AF}
	EndGlobalSection
EndGlobal
