
Microsoft Visual Studio Solution File, Format Version 12.00
# Visual Studio Version 17
VisualStudioVersion = 17.0.31903.59
MinimumVisualStudioVersion = 10.0.40219.1
Project("{2150E333-8FDC-42A3-9474-1A3956D46DE8}") = "src", "src", "{F6038769-623F-413A-A461-F5539CB20C73}"
EndProject
Project("{FAE04EC0-301F-11D3-BF4B-00C04F79EFBC}") = "GnomeStack.Attributes", "src\Attributes\GnomeStack.Attributes.csproj", "{290C2C27-7E6A-4411-BCA6-8026951863D4}"
EndProject
Project("{FAE04EC0-301F-11D3-BF4B-00C04F79EFBC}") = "GnomeStack.Pulumi.Standard", "src\Pulumi.Standard\GnomeStack.Pulumi.Standard.csproj", "{332AF1C1-1331-4CD9-89E3-31DF5DC51370}"
EndProject
Project("{FAE04EC0-301F-11D3-BF4B-00C04F79EFBC}") = "GnomeStack.Pulumi.Command", "src\Pulumi.Command\GnomeStack.Pulumi.Command.csproj", "{6C75578C-F24A-4E53-A772-B3817D6EB42D}"
EndProject
Project("{FAE04EC0-301F-11D3-BF4B-00C04F79EFBC}") = "GnomeStack.Generators.Commands", "src\Generators.Commands\GnomeStack.Generators.Commands.csproj", "{245DA772-34B4-4412-9B23-10D21350AC80}"
EndProject
Project("{FAE04EC0-301F-11D3-BF4B-00C04F79EFBC}") = "GnomeStack.CodeAnalysis.Core", "src\CodeAnalysis.Core\GnomeStack.CodeAnalysis.Core.csproj", "{DAFD4802-0D78-42AA-B48A-4F85405FB1E2}"
EndProject
Project("{FAE04EC0-301F-11D3-BF4B-00C04F79EFBC}") = "GnomeStack.Generators.FluentBuilder", "src\Generators.FluentBuilder\GnomeStack.Generators.FluentBuilder.csproj", "{E0A24974-2915-4D78-95D4-53BADAEB52BF}"
EndProject
Project("{FAE04EC0-301F-11D3-BF4B-00C04F79EFBC}") = "GnomeStack.FluentBuilder", "src\GnomeStack.FluentBuilder\GnomeStack.FluentBuilder.csproj", "{C509ABEA-CF65-45D0-B2C8-41591A289366}"
EndProject
Global
	GlobalSection(SolutionConfigurationPlatforms) = preSolution
		Debug|Any CPU = Debug|Any CPU
		Release|Any CPU = Release|Any CPU
	EndGlobalSection
	GlobalSection(SolutionProperties) = preSolution
		HideSolutionNode = FALSE
	EndGlobalSection
	GlobalSection(ProjectConfigurationPlatforms) = postSolution
		{290C2C27-7E6A-4411-BCA6-8026951863D4}.Debug|Any CPU.ActiveCfg = Debug|Any CPU
		{290C2C27-7E6A-4411-BCA6-8026951863D4}.Debug|Any CPU.Build.0 = Debug|Any CPU
		{290C2C27-7E6A-4411-BCA6-8026951863D4}.Release|Any CPU.ActiveCfg = Release|Any CPU
		{290C2C27-7E6A-4411-BCA6-8026951863D4}.Release|Any CPU.Build.0 = Release|Any CPU
		{332AF1C1-1331-4CD9-89E3-31DF5DC51370}.Debug|Any CPU.ActiveCfg = Debug|Any CPU
		{332AF1C1-1331-4CD9-89E3-31DF5DC51370}.Debug|Any CPU.Build.0 = Debug|Any CPU
		{332AF1C1-1331-4CD9-89E3-31DF5DC51370}.Release|Any CPU.ActiveCfg = Release|Any CPU
		{332AF1C1-1331-4CD9-89E3-31DF5DC51370}.Release|Any CPU.Build.0 = Release|Any CPU
		{6C75578C-F24A-4E53-A772-B3817D6EB42D}.Debug|Any CPU.ActiveCfg = Debug|Any CPU
		{6C75578C-F24A-4E53-A772-B3817D6EB42D}.Debug|Any CPU.Build.0 = Debug|Any CPU
		{6C75578C-F24A-4E53-A772-B3817D6EB42D}.Release|Any CPU.ActiveCfg = Release|Any CPU
		{6C75578C-F24A-4E53-A772-B3817D6EB42D}.Release|Any CPU.Build.0 = Release|Any CPU
		{245DA772-34B4-4412-9B23-10D21350AC80}.Debug|Any CPU.ActiveCfg = Debug|Any CPU
		{245DA772-34B4-4412-9B23-10D21350AC80}.Debug|Any CPU.Build.0 = Debug|Any CPU
		{245DA772-34B4-4412-9B23-10D21350AC80}.Release|Any CPU.ActiveCfg = Release|Any CPU
		{245DA772-34B4-4412-9B23-10D21350AC80}.Release|Any CPU.Build.0 = Release|Any CPU
		{DAFD4802-0D78-42AA-B48A-4F85405FB1E2}.Debug|Any CPU.ActiveCfg = Debug|Any CPU
		{DAFD4802-0D78-42AA-B48A-4F85405FB1E2}.Debug|Any CPU.Build.0 = Debug|Any CPU
		{DAFD4802-0D78-42AA-B48A-4F85405FB1E2}.Release|Any CPU.ActiveCfg = Release|Any CPU
		{DAFD4802-0D78-42AA-B48A-4F85405FB1E2}.Release|Any CPU.Build.0 = Release|Any CPU
		{E0A24974-2915-4D78-95D4-53BADAEB52BF}.Debug|Any CPU.ActiveCfg = Debug|Any CPU
		{E0A24974-2915-4D78-95D4-53BADAEB52BF}.Debug|Any CPU.Build.0 = Debug|Any CPU
		{E0A24974-2915-4D78-95D4-53BADAEB52BF}.Release|Any CPU.ActiveCfg = Release|Any CPU
		{E0A24974-2915-4D78-95D4-53BADAEB52BF}.Release|Any CPU.Build.0 = Release|Any CPU
		{C509ABEA-CF65-45D0-B2C8-41591A289366}.Debug|Any CPU.ActiveCfg = Debug|Any CPU
		{C509ABEA-CF65-45D0-B2C8-41591A289366}.Debug|Any CPU.Build.0 = Debug|Any CPU
		{C509ABEA-CF65-45D0-B2C8-41591A289366}.Release|Any CPU.ActiveCfg = Release|Any CPU
		{C509ABEA-CF65-45D0-B2C8-41591A289366}.Release|Any CPU.Build.0 = Release|Any CPU
	EndGlobalSection
	GlobalSection(NestedProjects) = preSolution
		{290C2C27-7E6A-4411-BCA6-8026951863D4} = {F6038769-623F-413A-A461-F5539CB20C73}
		{332AF1C1-1331-4CD9-89E3-31DF5DC51370} = {F6038769-623F-413A-A461-F5539CB20C73}
		{6C75578C-F24A-4E53-A772-B3817D6EB42D} = {F6038769-623F-413A-A461-F5539CB20C73}
		{245DA772-34B4-4412-9B23-10D21350AC80} = {F6038769-623F-413A-A461-F5539CB20C73}
		{DAFD4802-0D78-42AA-B48A-4F85405FB1E2} = {F6038769-623F-413A-A461-F5539CB20C73}
		{E0A24974-2915-4D78-95D4-53BADAEB52BF} = {F6038769-623F-413A-A461-F5539CB20C73}
		{C509ABEA-CF65-45D0-B2C8-41591A289366} = {F6038769-623F-413A-A461-F5539CB20C73}
	EndGlobalSection
EndGlobal
