
Microsoft Visual Studio Solution File, Format Version 12.00
# Visual Studio Version 17
VisualStudioVersion = 17.0.31903.59
MinimumVisualStudioVersion = 10.0.40219.1
Project("{2150E333-8FDC-42A3-9474-1A3956D46DE8}") = "src", "src", "{258D3422-0C2C-427E-904C-B207BD9CC166}"
EndProject
Project("{FAE04EC0-301F-11D3-BF4B-00C04F79EFBC}") = "GnomeStack.Platform.Hosting", "src\Platform.Hosting\GnomeStack.Platform.Hosting.csproj", "{1FCA967C-6124-46EC-9571-03CE30985ECB}"
EndProject
Project("{FAE04EC0-301F-11D3-BF4B-00C04F79EFBC}") = "GnomeStack.Azure.Identity", "src\Azure.Identity\GnomeStack.Azure.Identity.csproj", "{93C2D5CE-D900-4984-A4AB-5F14A21A523B}"
EndProject
Project("{FAE04EC0-301F-11D3-BF4B-00C04F79EFBC}") = "GnomeStack.Data", "src\Data\GnomeStack.Data.csproj", "{27940703-2E22-4A11-AF6A-ADC8AE8B4DE3}"
EndProject
Project("{FAE04EC0-301F-11D3-BF4B-00C04F79EFBC}") = "GnomeStack.Data.SqlServer", "src\Data.SqlServer\GnomeStack.Data.SqlServer.csproj", "{57995408-B55E-4D24-8971-BBA149058659}"
EndProject
Project("{FAE04EC0-301F-11D3-BF4B-00C04F79EFBC}") = "GnomeStack.Dx.KpcLib", "src\Dx.KpcLib\GnomeStack.Dx.KpcLib.csproj", "{81BB4793-FDD5-469A-94A5-D9FDB0C0B181}"
EndProject
Project("{2150E333-8FDC-42A3-9474-1A3956D46DE8}") = "test", "test", "{34DF2FE7-8F94-46CD-8C73-529998F45ADB}"
EndProject
Project("{FAE04EC0-301F-11D3-BF4B-00C04F79EFBC}") = "GnomeStack.Dx.Tests", "test\Dx.Tests\GnomeStack.Dx.Tests.csproj", "{F9C8F075-79EC-4CF3-81BA-B27787201523}"
EndProject
Project("{FAE04EC0-301F-11D3-BF4B-00C04F79EFBC}") = "GnomeStack.Dx.Handlebars", "src\Dx.Handlebars\GnomeStack.Dx.Handlebars.csproj", "{219E4248-AC0D-4FF0-BA42-585D76A83CC4}"
EndProject
Global
	GlobalSection(SolutionConfigurationPlatforms) = preSolution
		Debug|Any CPU = Debug|Any CPU
		Release|Any CPU = Release|Any CPU
	EndGlobalSection
	GlobalSection(SolutionProperties) = preSolution
		HideSolutionNode = FALSE
	EndGlobalSection
	GlobalSection(ProjectConfigurationPlatforms) = postSolution
		{1FCA967C-6124-46EC-9571-03CE30985ECB}.Debug|Any CPU.ActiveCfg = Debug|Any CPU
		{1FCA967C-6124-46EC-9571-03CE30985ECB}.Debug|Any CPU.Build.0 = Debug|Any CPU
		{1FCA967C-6124-46EC-9571-03CE30985ECB}.Release|Any CPU.ActiveCfg = Release|Any CPU
		{1FCA967C-6124-46EC-9571-03CE30985ECB}.Release|Any CPU.Build.0 = Release|Any CPU
		{93C2D5CE-D900-4984-A4AB-5F14A21A523B}.Debug|Any CPU.ActiveCfg = Debug|Any CPU
		{93C2D5CE-D900-4984-A4AB-5F14A21A523B}.Debug|Any CPU.Build.0 = Debug|Any CPU
		{93C2D5CE-D900-4984-A4AB-5F14A21A523B}.Release|Any CPU.ActiveCfg = Release|Any CPU
		{93C2D5CE-D900-4984-A4AB-5F14A21A523B}.Release|Any CPU.Build.0 = Release|Any CPU
		{27940703-2E22-4A11-AF6A-ADC8AE8B4DE3}.Debug|Any CPU.ActiveCfg = Debug|Any CPU
		{27940703-2E22-4A11-AF6A-ADC8AE8B4DE3}.Debug|Any CPU.Build.0 = Debug|Any CPU
		{27940703-2E22-4A11-AF6A-ADC8AE8B4DE3}.Release|Any CPU.ActiveCfg = Release|Any CPU
		{27940703-2E22-4A11-AF6A-ADC8AE8B4DE3}.Release|Any CPU.Build.0 = Release|Any CPU
		{57995408-B55E-4D24-8971-BBA149058659}.Debug|Any CPU.ActiveCfg = Debug|Any CPU
		{57995408-B55E-4D24-8971-BBA149058659}.Debug|Any CPU.Build.0 = Debug|Any CPU
		{57995408-B55E-4D24-8971-BBA149058659}.Release|Any CPU.ActiveCfg = Release|Any CPU
		{57995408-B55E-4D24-8971-BBA149058659}.Release|Any CPU.Build.0 = Release|Any CPU
		{81BB4793-FDD5-469A-94A5-D9FDB0C0B181}.Debug|Any CPU.ActiveCfg = Debug|Any CPU
		{81BB4793-FDD5-469A-94A5-D9FDB0C0B181}.Debug|Any CPU.Build.0 = Debug|Any CPU
		{81BB4793-FDD5-469A-94A5-D9FDB0C0B181}.Release|Any CPU.ActiveCfg = Release|Any CPU
		{81BB4793-FDD5-469A-94A5-D9FDB0C0B181}.Release|Any CPU.Build.0 = Release|Any CPU
		{F9C8F075-79EC-4CF3-81BA-B27787201523}.Debug|Any CPU.ActiveCfg = Debug|Any CPU
		{F9C8F075-79EC-4CF3-81BA-B27787201523}.Debug|Any CPU.Build.0 = Debug|Any CPU
		{F9C8F075-79EC-4CF3-81BA-B27787201523}.Release|Any CPU.ActiveCfg = Release|Any CPU
		{F9C8F075-79EC-4CF3-81BA-B27787201523}.Release|Any CPU.Build.0 = Release|Any CPU
		{219E4248-AC0D-4FF0-BA42-585D76A83CC4}.Debug|Any CPU.ActiveCfg = Debug|Any CPU
		{219E4248-AC0D-4FF0-BA42-585D76A83CC4}.Debug|Any CPU.Build.0 = Debug|Any CPU
		{219E4248-AC0D-4FF0-BA42-585D76A83CC4}.Release|Any CPU.ActiveCfg = Release|Any CPU
		{219E4248-AC0D-4FF0-BA42-585D76A83CC4}.Release|Any CPU.Build.0 = Release|Any CPU
	EndGlobalSection
	GlobalSection(NestedProjects) = preSolution
		{1FCA967C-6124-46EC-9571-03CE30985ECB} = {258D3422-0C2C-427E-904C-B207BD9CC166}
		{93C2D5CE-D900-4984-A4AB-5F14A21A523B} = {258D3422-0C2C-427E-904C-B207BD9CC166}
		{27940703-2E22-4A11-AF6A-ADC8AE8B4DE3} = {258D3422-0C2C-427E-904C-B207BD9CC166}
		{57995408-B55E-4D24-8971-BBA149058659} = {258D3422-0C2C-427E-904C-B207BD9CC166}
		{81BB4793-FDD5-469A-94A5-D9FDB0C0B181} = {258D3422-0C2C-427E-904C-B207BD9CC166}
		{F9C8F075-79EC-4CF3-81BA-B27787201523} = {34DF2FE7-8F94-46CD-8C73-529998F45ADB}
		{219E4248-AC0D-4FF0-BA42-585D76A83CC4} = {258D3422-0C2C-427E-904C-B207BD9CC166}
	EndGlobalSection
EndGlobal
