
Microsoft Visual Studio Solution File, Format Version 12.00
# Visual Studio Version 17
VisualStudioVersion = 17.0.31903.59
MinimumVisualStudioVersion = 10.0.40219.1
Project("{2150E333-8FDC-42A3-9474-1A3956D46DE8}") = "Core", "Core", "{66CA29F0-9DA1-4FAE-A25C-89CBEF3C1584}"
	ProjectSection(SolutionItems) = preProject
		Core\Directory.Build.props = Core\Directory.Build.props
	EndProjectSection
EndProject
Project("{FAE04EC0-301F-11D3-BF4B-00C04F79EFBC}") = "GnomeStack.Core", "Core\src\GnomeStack.Core.csproj", "{B5792C7B-EBE1-4D17-91D7-BA9A06F21E0C}"
EndProject
Project("{FAE04EC0-301F-11D3-BF4B-00C04F79EFBC}") = "GnomeStack.Core.Tests", "Core\test\GnomeStack.Core.Tests.csproj", "{CE960EA3-BB8C-4BF3-846C-EE5055D142F0}"
EndProject
Project("{2150E333-8FDC-42A3-9474-1A3956D46DE8}") = ".root", ".root", "{6A9ECA94-2361-48D0-B1D7-9D3DCD7ABF4E}"
	ProjectSection(SolutionItems) = preProject
		..\Directory.Build.props = ..\Directory.Build.props
		..\Directory.Build.targets = ..\Directory.Build.targets
		..\Directory.Packages.props = ..\Directory.Packages.props
		..\LICENSE.md = ..\LICENSE.md
		..\README.md = ..\README.md
	EndProjectSection
EndProject
Project("{2150E333-8FDC-42A3-9474-1A3956D46DE8}") = "Diagnostics.Activity", "Diagnostics.Activity", "{425625D0-188A-489F-B8A9-39A19AD2E3FB}"
EndProject
Project("{FAE04EC0-301F-11D3-BF4B-00C04F79EFBC}") = "GnomeStack.Diagnostics.Activity", "Diagnostics.Activity\src\GnomeStack.Diagnostics.Activity.csproj", "{B7904C66-33DF-4912-B4DF-E90351C7EADE}"
EndProject
Project("{FAE04EC0-301F-11D3-BF4B-00C04F79EFBC}") = "GnomeStack.Diagnostics.Activity.Tests", "Diagnostics.Activity\test\GnomeStack.Diagnostics.Activity.Tests.csproj", "{C56297ED-7D94-4F25-8EDF-72314491DED2}"
EndProject
Project("{2150E333-8FDC-42A3-9474-1A3956D46DE8}") = "Security.Cryptography", "Security.Cryptography", "{0936DB91-5C0B-41E8-B48D-6454CEBE60CE}"
EndProject
Project("{FAE04EC0-301F-11D3-BF4B-00C04F79EFBC}") = "GnomeStack.Security.Cryptography", "Security.Cryptography\src\GnomeStack.Security.Cryptography.csproj", "{D5483B25-A9BC-4C68-BBA1-A9FAA6AF4497}"
EndProject
Project("{2150E333-8FDC-42A3-9474-1A3956D46DE8}") = "Security.Cryptography.X509Certificates", "Security.Cryptography.X509Certificates", "{AB614022-F5F9-46AF-A8EC-3B3C0A2A4CBB}"
EndProject
Project("{FAE04EC0-301F-11D3-BF4B-00C04F79EFBC}") = "GnomeStack.Security.Cryptography.X509Certificates", "Security.Cryptography.X509Certificates\src\GnomeStack.Security.Cryptography.X509Certificates.csproj", "{5275E5C9-BCFB-452A-BBB5-CF5612E064F4}"
EndProject
Project("{2150E333-8FDC-42A3-9474-1A3956D46DE8}") = "Text.DotEnv", "Text.DotEnv", "{6550ACD9-0D1B-4A84-8488-0B67889B1394}"
EndProject
Project("{FAE04EC0-301F-11D3-BF4B-00C04F79EFBC}") = "GnomeStack.Text.DotEnv", "Text.DotEnv\src\GnomeStack.Text.DotEnv.csproj", "{4AC5C1BE-2955-4DFD-983E-A5F5AB97F83F}"
EndProject
Project("{2150E333-8FDC-42A3-9474-1A3956D46DE8}") = "Text.Json", "Text.Json", "{81AADFB2-A9E1-4EDE-938C-43C295DA84D7}"
EndProject
Project("{FAE04EC0-301F-11D3-BF4B-00C04F79EFBC}") = "GnomeStack.Text.Json", "Text.Json\src\GnomeStack.Text.Json.csproj", "{44F56802-7EDA-4A07-8FF3-82B77DD840A3}"
EndProject
Project("{2150E333-8FDC-42A3-9474-1A3956D46DE8}") = "Text.Yaml", "Text.Yaml", "{A81CDB99-EA57-457E-8B13-32E90C9F78A7}"
EndProject
Project("{FAE04EC0-301F-11D3-BF4B-00C04F79EFBC}") = "GnomeStack.Text.Yaml", "Text.Yaml\src\GnomeStack.Text.Yaml.csproj", "{96E8D317-62C4-4ADC-869E-9483B8C3811B}"
EndProject
Project("{2150E333-8FDC-42A3-9474-1A3956D46DE8}") = "Extensions.Logging.Abstractions", "Extensions.Logging.Abstractions", "{D0CA9A1B-77E2-4A69-8780-55FE2A89BABD}"
EndProject
Project("{FAE04EC0-301F-11D3-BF4B-00C04F79EFBC}") = "GnomeStack.Extensions.Logging.Abstractions", "Extensions.Logging.Abstractions\src\GnomeStack.Extensions.Logging.Abstractions.csproj", "{7C2F3BE9-AF82-4F62-BC09-825A3CACB471}"
EndProject
Project("{FAE04EC0-301F-11D3-BF4B-00C04F79EFBC}") = "GnomeStack.Extensions.Logging.Abstractions.Tests", "Extensions.Logging.Abstractions\test\GnomeStack.Extensions.Logging.Abstractions.Tests.csproj", "{EA982D81-B06B-473E-B547-CA26743D6604}"
EndProject
Project("{2150E333-8FDC-42A3-9474-1A3956D46DE8}") = "Extensions.Application", "Extensions.Application", "{23CECA01-EB97-4186-93F7-C977535E4284}"
EndProject
Project("{FAE04EC0-301F-11D3-BF4B-00C04F79EFBC}") = "GnomeStack.Extensions.Application", "Extensions.Application\src\GnomeStack.Extensions.Application.csproj", "{4BD4E68C-9582-4D09-903F-4CB7A3C3DA5E}"
EndProject
Project("{FAE04EC0-301F-11D3-BF4B-00C04F79EFBC}") = "GnomeStack.Extensions.Application.Tests", "Extensions.Application\test\GnomeStack.Extensions.Application.Tests.csproj", "{6D1352A0-462A-4C39-9B23-CB13F11BA4E2}"
EndProject
Project("{2150E333-8FDC-42A3-9474-1A3956D46DE8}") = "Extensions.Application.Abstractions", "Extensions.Application.Abstractions", "{CB3F1515-3CBE-4AC8-9110-69D173745EEE}"
EndProject
Project("{FAE04EC0-301F-11D3-BF4B-00C04F79EFBC}") = "GnomeStack.Extensions.Application.Abstractions", "Extensions.Application.Abstractions\src\GnomeStack.Extensions.Application.Abstractions.csproj", "{FEB66CF6-A22F-4CCF-87C4-480C6AA80A78}"
EndProject
Project("{2150E333-8FDC-42A3-9474-1A3956D46DE8}") = "Extensions.Auditing.Abstractions", "Extensions.Auditing.Abstractions", "{05DD333C-FBEC-40F3-803D-0FD8935B9830}"
EndProject
Project("{FAE04EC0-301F-11D3-BF4B-00C04F79EFBC}") = "GnomeStack.Extensions.Auditing.Abstractions", "Extensions.Auditing.Abstractions\src\GnomeStack.Extensions.Auditing.Abstractions.csproj", "{66869ECE-B747-4F21-9A96-CEA2C2CAC229}"
EndProject
Project("{2150E333-8FDC-42A3-9474-1A3956D46DE8}") = "Extensions.Auditing", "Extensions.Auditing", "{5597F95E-9548-4BAC-8B63-59AC58A89E98}"
EndProject
Project("{FAE04EC0-301F-11D3-BF4B-00C04F79EFBC}") = "GnomeStack.Extensions.Auditing", "Extensions.Auditing\src\GnomeStack.Extensions.Auditing.csproj", "{31302862-71A2-4DAB-9763-546F1178DD12}"
EndProject
Project("{FAE04EC0-301F-11D3-BF4B-00C04F79EFBC}") = "GnomeStack.Extensions.Auditing.Tests", "Extensions.Auditing\test\GnomeStack.Extensions.Auditing.Tests.csproj", "{AC0FB2C0-5849-4E1F-A61D-700A9E501970}"
EndProject
Project("{2150E333-8FDC-42A3-9474-1A3956D46DE8}") = "Extensions.Azure.Identity", "Extensions.Azure.Identity", "{5D462947-448B-477D-829F-4BEBE0E69104}"
EndProject
Project("{FAE04EC0-301F-11D3-BF4B-00C04F79EFBC}") = "GnomeStack.Extensions.Azure.Identity", "Extensions.Azure.Identity\src\GnomeStack.Extensions.Azure.Identity.csproj", "{85B2760E-0E4E-4E07-85F4-CE23005128D0}"
EndProject
Project("{2150E333-8FDC-42A3-9474-1A3956D46DE8}") = "Extensions.Caching.Abstractions", "Extensions.Caching.Abstractions", "{BAEF18D4-6DE4-4BCB-9BE2-6C7B7EC74468}"
EndProject
Project("{FAE04EC0-301F-11D3-BF4B-00C04F79EFBC}") = "GnomeStack.Extensions.Caching.Abstractions", "Extensions.Caching.Abstractions\src\GnomeStack.Extensions.Caching.Abstractions.csproj", "{FA3583DE-5F35-45BB-95B5-94A05BC5A08A}"
EndProject
Project("{2150E333-8FDC-42A3-9474-1A3956D46DE8}") = "Extensions.Caching", "Extensions.Caching", "{C9F83E15-44E7-4072-8D84-CD981FF341BB}"
EndProject
Project("{FAE04EC0-301F-11D3-BF4B-00C04F79EFBC}") = "GnomeStack.Extensions.Caching", "Extensions.Caching\src\GnomeStack.Extensions.Caching.csproj", "{2DDA7B96-A1BC-4026-B43E-8DAC68B70B3D}"
EndProject
Project("{FAE04EC0-301F-11D3-BF4B-00C04F79EFBC}") = "GnomeStack.Extensions.Caching.Tests", "Extensions.Caching\test\GnomeStack.Extensions.Caching.Tests.csproj", "{6923FAE1-3637-4989-A598-F4B434033EFF}"
EndProject
Project("{2150E333-8FDC-42A3-9474-1A3956D46DE8}") = "Extensions.Configuration.KeyVault", "Extensions.Configuration.KeyVault", "{009DAB16-7698-419A-B264-A2BA972C55FA}"
EndProject
Project("{FAE04EC0-301F-11D3-BF4B-00C04F79EFBC}") = "GnomeStack.Extensions.Configuration.KeyVault", "Extensions.Configuration.KeyVault\src\GnomeStack.Extensions.Configuration.KeyVault.csproj", "{97647448-7BB1-4703-A1D4-7EE7D85B7C7F}"
EndProject
Project("{FAE04EC0-301F-11D3-BF4B-00C04F79EFBC}") = "GnomeStack.Extensions.Configuration.KeyVault.Tests", "Extensions.Configuration.KeyVault\test\GnomeStack.Extensions.Configuration.KeyVault.Tests.csproj", "{983459EF-F107-4642-BCBC-9DBFB2885CB2}"
EndProject
Project("{2150E333-8FDC-42A3-9474-1A3956D46DE8}") = "Extras.Handlebars", "Extras.Handlebars", "{791DA1E8-350D-40BF-A6B0-0C3916671FF2}"
EndProject
Project("{FAE04EC0-301F-11D3-BF4B-00C04F79EFBC}") = "GnomeStack.Extras.Handlebars", "Extras.Handlebars\src\GnomeStack.Extras.Handlebars.csproj", "{3AD2A97D-8D55-426A-ADAD-C325BF67AD6F}"
EndProject
Project("{FAE04EC0-301F-11D3-BF4B-00C04F79EFBC}") = "GnomeStack.Extras.Handlebars.Tests", "Extras.Handlebars\test\GnomeStack.Extras.Handlebars.Tests.csproj", "{AF2B8C5C-0BCF-499D-AF67-BA520459AD05}"
EndProject
Project("{2150E333-8FDC-42A3-9474-1A3956D46DE8}") = "Extras.KpcLib", "Extras.KpcLib", "{5B0C71B1-AE58-4EE6-AAD4-D7EEC01C2E4C}"
EndProject
Project("{FAE04EC0-301F-11D3-BF4B-00C04F79EFBC}") = "GnomeStack.Extras.KpcLib.Tests", "Extras.KpcLib\test\GnomeStack.Extras.KpcLib.Tests.csproj", "{D916C315-DAA0-43E2-AA53-9F4880F63F14}"
EndProject
Project("{2150E333-8FDC-42A3-9474-1A3956D46DE8}") = "CommandLine.Hosting", "CommandLine.Hosting", "{BE08B672-4A9F-4843-BA5D-FA4A8B4E11B9}"
EndProject
Project("{FAE04EC0-301F-11D3-BF4B-00C04F79EFBC}") = "GnomeStack.CommandLine.Hosting", "CommandLine.Hosting\src\GnomeStack.CommandLine.Hosting.csproj", "{EA5DC9AB-4662-484B-B9E1-629D339CA36E}"
EndProject
Project("{2150E333-8FDC-42A3-9474-1A3956D46DE8}") = "Data", "Data", "{0EF30AEC-AA88-49AB-8229-0CDC55C2F8F3}"
EndProject
Project("{FAE04EC0-301F-11D3-BF4B-00C04F79EFBC}") = "GnomeStack.Data", "Data\src\GnomeStack.Data.csproj", "{376C6D8B-6C2D-4EBC-857B-86BE8933D1D0}"
EndProject
Project("{FAE04EC0-301F-11D3-BF4B-00C04F79EFBC}") = "GnomeStack.Data.Tests", "Data\test\GnomeStack.Data.Tests.csproj", "{5CF74641-67EC-44A4-A582-284A33839945}"
EndProject
Project("{FAE04EC0-301F-11D3-BF4B-00C04F79EFBC}") = "GnomeStack.Internal", "..\internal\GnomeStack.Internal.csproj", "{94BC2979-3E6F-4A7C-91AC-9EDB416805BF}"
EndProject
Project("{2150E333-8FDC-42A3-9474-1A3956D46DE8}") = "Ps.ShellRunner", "Ps.ShellRunner", "{F1C37074-FBCB-49E8-8752-68DFCA89144B}"
EndProject
Project("{FAE04EC0-301F-11D3-BF4B-00C04F79EFBC}") = "GnomeStack.Ps.ShellRunner", "Ps.ShellRunner\src\GnomeStack.Ps.ShellRunner.csproj", "{6016B0BE-19D5-4C4E-91A2-1FB39E9439FA}"
EndProject
Project("{FAE04EC0-301F-11D3-BF4B-00C04F79EFBC}") = "GnomeStack.Ps.ShellRunner.Tests", "Ps.ShellRunner\test\GnomeStack.Ps.ShellRunner.Tests.csproj", "{38CFBEB7-2163-42C9-8D2D-9810D0CE23A9}"
EndProject
Project("{FAE04EC0-301F-11D3-BF4B-00C04F79EFBC}") = "GnomeStack.Extras.KpcLib", "Extras.KpcLib\src\GnomeStack.Extras.KpcLib.csproj", "{051CCB77-060B-40CB-995A-D8E06199CD61}"
EndProject
Project("{2150E333-8FDC-42A3-9474-1A3956D46DE8}") = "Text.Tests", "Text.Tests", "{5AE7AC61-7A40-43E0-88BE-69E28F128251}"
EndProject
Project("{FAE04EC0-301F-11D3-BF4B-00C04F79EFBC}") = "GnomeStack.Text.Tests", "Text.Tests\src\GnomeStack.Text.Tests.csproj", "{37F0CFD7-99D0-4322-9E82-F141B061DEF3}"
EndProject
Project("{2150E333-8FDC-42A3-9474-1A3956D46DE8}") = "CommandLine.Tests", "CommandLine.Tests", "{927DFB7E-179F-414E-A831-46C28F8F0796}"
EndProject
Project("{FAE04EC0-301F-11D3-BF4B-00C04F79EFBC}") = "GnomeStack.CommandLine.Tests", "CommandLine.Tests\src\GnomeStack.CommandLine.Tests.csproj", "{EEEE3793-F054-4988-8914-2778A4E39F51}"
EndProject
Project("{2150E333-8FDC-42A3-9474-1A3956D46DE8}") = "CommandLine.Serilog", "CommandLine.Serilog", "{86258750-144D-4B9D-8543-734F9B468EA9}"
EndProject
Project("{FAE04EC0-301F-11D3-BF4B-00C04F79EFBC}") = "GnomeStack.CommandLine.Serilog", "CommandLine.Serilog\src\GnomeStack.CommandLine.Serilog.csproj", "{B6A753D1-2531-47DF-A9BF-400D9AA609CE}"
EndProject
Project("{2150E333-8FDC-42A3-9474-1A3956D46DE8}") = "Os.Release", "Os.Release", "{B89C15A2-5A73-4231-8BE5-7915B9F2D5EF}"
EndProject
Project("{FAE04EC0-301F-11D3-BF4B-00C04F79EFBC}") = "GnomeStack.Os.Release", "Os.Release\src\GnomeStack.Os.Release.csproj", "{78F3E9E4-042E-4DF7-A8CF-C5A7E19E2AC9}"
EndProject
Project("{2150E333-8FDC-42A3-9474-1A3956D46DE8}") = "Os.Tests", "Os.Tests", "{3FE921B2-92D2-436E-BC5E-F40BA75506F2}"
EndProject
Project("{FAE04EC0-301F-11D3-BF4B-00C04F79EFBC}") = "GnomeStack.Os.Tests", "Os.Tests\src\GnomeStack.Os.Tests.csproj", "{25464FB1-D712-405C-B4E1-A1D3DF78A8F3}"
EndProject
Project("{2150E333-8FDC-42A3-9474-1A3956D46DE8}") = "Security.Tests", "Security.Tests", "{3DF69AD7-2141-4BD0-B724-D85933C5CA65}"
EndProject
Project("{FAE04EC0-301F-11D3-BF4B-00C04F79EFBC}") = "GnomeStack.Security.Tests", "Security.Tests\src\GnomeStack.Security.Tests.csproj", "{6E073990-EE32-4E51-8F96-FE493D8BDC28}"
EndProject
Project("{2150E333-8FDC-42A3-9474-1A3956D46DE8}") = "Extensions.Secrets.Abstractions", "Extensions.Secrets.Abstractions", "{07F8B834-58D4-4727-86EC-289C62E9D03F}"
EndProject
Project("{FAE04EC0-301F-11D3-BF4B-00C04F79EFBC}") = "GnomeStack.Extensions.Secrets.Abstractions", "Extensions.Secrets.Abstractions\src\GnomeStack.Extensions.Secrets.Abstractions.csproj", "{D941AED9-37A9-4734-BE8A-BCE75BD84D76}"
EndProject
Project("{2150E333-8FDC-42A3-9474-1A3956D46DE8}") = "Extensions.Secrets", "Extensions.Secrets", "{8AC3C8DE-A756-4AF5-8364-3FDEC143C1BD}"
EndProject
Project("{FAE04EC0-301F-11D3-BF4B-00C04F79EFBC}") = "GnomeStack.Extensions.Secrets", "Extensions.Secrets\src\GnomeStack.Extensions.Secrets.csproj", "{82D7F5E0-C027-4238-89BF-C8C33DF1BB9E}"
EndProject
Project("{2150E333-8FDC-42A3-9474-1A3956D46DE8}") = "Extensions.Secrets.KeePass", "Extensions.Secrets.KeePass", "{30CC3F5A-0926-4905-B3B6-EEB673ED7582}"
EndProject
Project("{FAE04EC0-301F-11D3-BF4B-00C04F79EFBC}") = "GnomeStack.Extensions.Secrets.KeePass", "Extensions.Secrets.KeePass\src\GnomeStack.Extensions.Secrets.KeePass.csproj", "{3267E37E-3FEE-47ED-A985-535E1C944D44}"
EndProject
Project("{2150E333-8FDC-42A3-9474-1A3956D46DE8}") = "Extensions.Secrets.KeyVault", "Extensions.Secrets.KeyVault", "{E936877C-02A1-44F4-AE35-917B07E8605E}"
EndProject
Project("{FAE04EC0-301F-11D3-BF4B-00C04F79EFBC}") = "GnomeStack.Extensions.Secrets.KeyVault", "Extensions.Secrets.KeyVault\src\GnomeStack.Extensions.Secrets.KeyVault.csproj", "{6C76D6D0-71C6-4291-B102-977E2435E038}"
EndProject
Project("{2150E333-8FDC-42A3-9474-1A3956D46DE8}") = "Extensions.Secrets.VaultRequirements", "Extensions.Secrets.VaultRequirements", "{0D3ED7AF-D2C0-4DD0-A440-F67D913F0994}"
EndProject
Project("{FAE04EC0-301F-11D3-BF4B-00C04F79EFBC}") = "GnomeStack.Extensions.Secrets.VaultRequirements", "Extensions.Secrets.VaultRequirements\src\GnomeStack.Extensions.Secrets.VaultRequirements.csproj", "{521A73DD-B31A-4269-A22D-0E34AC55F317}"
EndProject
Project("{2150E333-8FDC-42A3-9474-1A3956D46DE8}") = "Extensions.Secrets.Tests", "Extensions.Secrets.Tests", "{29F128A8-2E75-47DC-B324-5B24AE0076A6}"
EndProject
Project("{FAE04EC0-301F-11D3-BF4B-00C04F79EFBC}") = "GnomeStack.Extensions.Secrets.Tests", "Extensions.Secrets.Tests\src\GnomeStack.Extensions.Secrets.Tests.csproj", "{CCDFDFD0-5827-4D52-803D-6A8885742ABE}"
EndProject
Project("{2150E333-8FDC-42A3-9474-1A3956D46DE8}") = "Cli.Docker", "Cli.Docker", "{E2D3F18B-BA14-4D15-943A-9C72D1A7DAB6}"
EndProject
Project("{FAE04EC0-301F-11D3-BF4B-00C04F79EFBC}") = "GnomeStack.Cli.Docker", "Cli.Docker\src\GnomeStack.Cli.Docker.csproj", "{040FDCCD-0FD7-42AF-B5E8-C8043CCF8922}"
EndProject
Project("{2150E333-8FDC-42A3-9474-1A3956D46DE8}") = "Os.Secrets", "Os.Secrets", "{5228457E-D6B9-48D0-B098-CD1C5BA9B9FA}"
EndProject
Project("{FAE04EC0-301F-11D3-BF4B-00C04F79EFBC}") = "GnomeStack.Os.Secrets", "Os.Secrets\src\GnomeStack.Os.Secrets.csproj", "{9C8E3169-17EE-40D8-BFA1-12FED1A0A5B0}"
EndProject
Project("{2150E333-8FDC-42A3-9474-1A3956D46DE8}") = "Data.Mssql", "Data.Mssql", "{7490EB56-E74C-4511-90D9-4229D64898B7}"
EndProject
Project("{FAE04EC0-301F-11D3-BF4B-00C04F79EFBC}") = "GnomeStack.Data.Mssql", "Data.Mssql\src\GnomeStack.Data.Mssql.csproj", "{AD3A8FF4-FBD2-4BEE-BF83-D123A6E4019C}"
EndProject
Project("{FAE04EC0-301F-11D3-BF4B-00C04F79EFBC}") = "GnomeStack.Data.Mssql.Tests", "Data.Mssql\test\GnomeStack.Data.Mssql.Tests.csproj", "{7CBBC446-E94D-482A-A241-13E098EF01BC}"
EndProject
Project("{2150E333-8FDC-42A3-9474-1A3956D46DE8}") = "Cli.Tests", "Cli.Tests", "{B51B6075-BE57-4558-9A11-054281773D1D}"
EndProject
Project("{FAE04EC0-301F-11D3-BF4B-00C04F79EFBC}") = "GnomeStack.Cli.Tests", "Cli.Tests\src\GnomeStack.Cli.Tests.csproj", "{BDB44221-27D8-4D66-97D6-66BB8E18F369}"
EndProject
Global
	GlobalSection(SolutionConfigurationPlatforms) = preSolution
		Debug|Any CPU = Debug|Any CPU
		Release|Any CPU = Release|Any CPU
	EndGlobalSection
	GlobalSection(SolutionProperties) = preSolution
		HideSolutionNode = FALSE
	EndGlobalSection
	GlobalSection(ProjectConfigurationPlatforms) = postSolution
		{B5792C7B-EBE1-4D17-91D7-BA9A06F21E0C}.Debug|Any CPU.ActiveCfg = Debug|Any CPU
		{B5792C7B-EBE1-4D17-91D7-BA9A06F21E0C}.Debug|Any CPU.Build.0 = Debug|Any CPU
		{B5792C7B-EBE1-4D17-91D7-BA9A06F21E0C}.Release|Any CPU.ActiveCfg = Release|Any CPU
		{B5792C7B-EBE1-4D17-91D7-BA9A06F21E0C}.Release|Any CPU.Build.0 = Release|Any CPU
		{CE960EA3-BB8C-4BF3-846C-EE5055D142F0}.Debug|Any CPU.ActiveCfg = Debug|Any CPU
		{CE960EA3-BB8C-4BF3-846C-EE5055D142F0}.Debug|Any CPU.Build.0 = Debug|Any CPU
		{CE960EA3-BB8C-4BF3-846C-EE5055D142F0}.Release|Any CPU.ActiveCfg = Release|Any CPU
		{CE960EA3-BB8C-4BF3-846C-EE5055D142F0}.Release|Any CPU.Build.0 = Release|Any CPU
		{B7904C66-33DF-4912-B4DF-E90351C7EADE}.Debug|Any CPU.ActiveCfg = Debug|Any CPU
		{B7904C66-33DF-4912-B4DF-E90351C7EADE}.Debug|Any CPU.Build.0 = Debug|Any CPU
		{B7904C66-33DF-4912-B4DF-E90351C7EADE}.Release|Any CPU.ActiveCfg = Release|Any CPU
		{B7904C66-33DF-4912-B4DF-E90351C7EADE}.Release|Any CPU.Build.0 = Release|Any CPU
		{C56297ED-7D94-4F25-8EDF-72314491DED2}.Debug|Any CPU.ActiveCfg = Debug|Any CPU
		{C56297ED-7D94-4F25-8EDF-72314491DED2}.Debug|Any CPU.Build.0 = Debug|Any CPU
		{C56297ED-7D94-4F25-8EDF-72314491DED2}.Release|Any CPU.ActiveCfg = Release|Any CPU
		{C56297ED-7D94-4F25-8EDF-72314491DED2}.Release|Any CPU.Build.0 = Release|Any CPU
		{D5483B25-A9BC-4C68-BBA1-A9FAA6AF4497}.Debug|Any CPU.ActiveCfg = Debug|Any CPU
		{D5483B25-A9BC-4C68-BBA1-A9FAA6AF4497}.Debug|Any CPU.Build.0 = Debug|Any CPU
		{D5483B25-A9BC-4C68-BBA1-A9FAA6AF4497}.Release|Any CPU.ActiveCfg = Release|Any CPU
		{D5483B25-A9BC-4C68-BBA1-A9FAA6AF4497}.Release|Any CPU.Build.0 = Release|Any CPU
		{5275E5C9-BCFB-452A-BBB5-CF5612E064F4}.Debug|Any CPU.ActiveCfg = Debug|Any CPU
		{5275E5C9-BCFB-452A-BBB5-CF5612E064F4}.Debug|Any CPU.Build.0 = Debug|Any CPU
		{5275E5C9-BCFB-452A-BBB5-CF5612E064F4}.Release|Any CPU.ActiveCfg = Release|Any CPU
		{5275E5C9-BCFB-452A-BBB5-CF5612E064F4}.Release|Any CPU.Build.0 = Release|Any CPU
		{4AC5C1BE-2955-4DFD-983E-A5F5AB97F83F}.Debug|Any CPU.ActiveCfg = Debug|Any CPU
		{4AC5C1BE-2955-4DFD-983E-A5F5AB97F83F}.Debug|Any CPU.Build.0 = Debug|Any CPU
		{4AC5C1BE-2955-4DFD-983E-A5F5AB97F83F}.Release|Any CPU.ActiveCfg = Release|Any CPU
		{4AC5C1BE-2955-4DFD-983E-A5F5AB97F83F}.Release|Any CPU.Build.0 = Release|Any CPU
		{44F56802-7EDA-4A07-8FF3-82B77DD840A3}.Debug|Any CPU.ActiveCfg = Debug|Any CPU
		{44F56802-7EDA-4A07-8FF3-82B77DD840A3}.Debug|Any CPU.Build.0 = Debug|Any CPU
		{44F56802-7EDA-4A07-8FF3-82B77DD840A3}.Release|Any CPU.ActiveCfg = Release|Any CPU
		{44F56802-7EDA-4A07-8FF3-82B77DD840A3}.Release|Any CPU.Build.0 = Release|Any CPU
		{96E8D317-62C4-4ADC-869E-9483B8C3811B}.Debug|Any CPU.ActiveCfg = Debug|Any CPU
		{96E8D317-62C4-4ADC-869E-9483B8C3811B}.Debug|Any CPU.Build.0 = Debug|Any CPU
		{96E8D317-62C4-4ADC-869E-9483B8C3811B}.Release|Any CPU.ActiveCfg = Release|Any CPU
		{96E8D317-62C4-4ADC-869E-9483B8C3811B}.Release|Any CPU.Build.0 = Release|Any CPU
		{7C2F3BE9-AF82-4F62-BC09-825A3CACB471}.Debug|Any CPU.ActiveCfg = Debug|Any CPU
		{7C2F3BE9-AF82-4F62-BC09-825A3CACB471}.Debug|Any CPU.Build.0 = Debug|Any CPU
		{7C2F3BE9-AF82-4F62-BC09-825A3CACB471}.Release|Any CPU.ActiveCfg = Release|Any CPU
		{7C2F3BE9-AF82-4F62-BC09-825A3CACB471}.Release|Any CPU.Build.0 = Release|Any CPU
		{EA982D81-B06B-473E-B547-CA26743D6604}.Debug|Any CPU.ActiveCfg = Debug|Any CPU
		{EA982D81-B06B-473E-B547-CA26743D6604}.Debug|Any CPU.Build.0 = Debug|Any CPU
		{EA982D81-B06B-473E-B547-CA26743D6604}.Release|Any CPU.ActiveCfg = Release|Any CPU
		{EA982D81-B06B-473E-B547-CA26743D6604}.Release|Any CPU.Build.0 = Release|Any CPU
		{4BD4E68C-9582-4D09-903F-4CB7A3C3DA5E}.Debug|Any CPU.ActiveCfg = Debug|Any CPU
		{4BD4E68C-9582-4D09-903F-4CB7A3C3DA5E}.Debug|Any CPU.Build.0 = Debug|Any CPU
		{4BD4E68C-9582-4D09-903F-4CB7A3C3DA5E}.Release|Any CPU.ActiveCfg = Release|Any CPU
		{4BD4E68C-9582-4D09-903F-4CB7A3C3DA5E}.Release|Any CPU.Build.0 = Release|Any CPU
		{6D1352A0-462A-4C39-9B23-CB13F11BA4E2}.Debug|Any CPU.ActiveCfg = Debug|Any CPU
		{6D1352A0-462A-4C39-9B23-CB13F11BA4E2}.Debug|Any CPU.Build.0 = Debug|Any CPU
		{6D1352A0-462A-4C39-9B23-CB13F11BA4E2}.Release|Any CPU.ActiveCfg = Release|Any CPU
		{6D1352A0-462A-4C39-9B23-CB13F11BA4E2}.Release|Any CPU.Build.0 = Release|Any CPU
		{FEB66CF6-A22F-4CCF-87C4-480C6AA80A78}.Debug|Any CPU.ActiveCfg = Debug|Any CPU
		{FEB66CF6-A22F-4CCF-87C4-480C6AA80A78}.Debug|Any CPU.Build.0 = Debug|Any CPU
		{FEB66CF6-A22F-4CCF-87C4-480C6AA80A78}.Release|Any CPU.ActiveCfg = Release|Any CPU
		{FEB66CF6-A22F-4CCF-87C4-480C6AA80A78}.Release|Any CPU.Build.0 = Release|Any CPU
		{66869ECE-B747-4F21-9A96-CEA2C2CAC229}.Debug|Any CPU.ActiveCfg = Debug|Any CPU
		{66869ECE-B747-4F21-9A96-CEA2C2CAC229}.Debug|Any CPU.Build.0 = Debug|Any CPU
		{66869ECE-B747-4F21-9A96-CEA2C2CAC229}.Release|Any CPU.ActiveCfg = Release|Any CPU
		{66869ECE-B747-4F21-9A96-CEA2C2CAC229}.Release|Any CPU.Build.0 = Release|Any CPU
		{31302862-71A2-4DAB-9763-546F1178DD12}.Debug|Any CPU.ActiveCfg = Debug|Any CPU
		{31302862-71A2-4DAB-9763-546F1178DD12}.Debug|Any CPU.Build.0 = Debug|Any CPU
		{31302862-71A2-4DAB-9763-546F1178DD12}.Release|Any CPU.ActiveCfg = Release|Any CPU
		{31302862-71A2-4DAB-9763-546F1178DD12}.Release|Any CPU.Build.0 = Release|Any CPU
		{AC0FB2C0-5849-4E1F-A61D-700A9E501970}.Debug|Any CPU.ActiveCfg = Debug|Any CPU
		{AC0FB2C0-5849-4E1F-A61D-700A9E501970}.Debug|Any CPU.Build.0 = Debug|Any CPU
		{AC0FB2C0-5849-4E1F-A61D-700A9E501970}.Release|Any CPU.ActiveCfg = Release|Any CPU
		{AC0FB2C0-5849-4E1F-A61D-700A9E501970}.Release|Any CPU.Build.0 = Release|Any CPU
		{85B2760E-0E4E-4E07-85F4-CE23005128D0}.Debug|Any CPU.ActiveCfg = Debug|Any CPU
		{85B2760E-0E4E-4E07-85F4-CE23005128D0}.Debug|Any CPU.Build.0 = Debug|Any CPU
		{85B2760E-0E4E-4E07-85F4-CE23005128D0}.Release|Any CPU.ActiveCfg = Release|Any CPU
		{85B2760E-0E4E-4E07-85F4-CE23005128D0}.Release|Any CPU.Build.0 = Release|Any CPU
		{FA3583DE-5F35-45BB-95B5-94A05BC5A08A}.Debug|Any CPU.ActiveCfg = Debug|Any CPU
		{FA3583DE-5F35-45BB-95B5-94A05BC5A08A}.Debug|Any CPU.Build.0 = Debug|Any CPU
		{FA3583DE-5F35-45BB-95B5-94A05BC5A08A}.Release|Any CPU.ActiveCfg = Release|Any CPU
		{FA3583DE-5F35-45BB-95B5-94A05BC5A08A}.Release|Any CPU.Build.0 = Release|Any CPU
		{2DDA7B96-A1BC-4026-B43E-8DAC68B70B3D}.Debug|Any CPU.ActiveCfg = Debug|Any CPU
		{2DDA7B96-A1BC-4026-B43E-8DAC68B70B3D}.Debug|Any CPU.Build.0 = Debug|Any CPU
		{2DDA7B96-A1BC-4026-B43E-8DAC68B70B3D}.Release|Any CPU.ActiveCfg = Release|Any CPU
		{2DDA7B96-A1BC-4026-B43E-8DAC68B70B3D}.Release|Any CPU.Build.0 = Release|Any CPU
		{6923FAE1-3637-4989-A598-F4B434033EFF}.Debug|Any CPU.ActiveCfg = Debug|Any CPU
		{6923FAE1-3637-4989-A598-F4B434033EFF}.Debug|Any CPU.Build.0 = Debug|Any CPU
		{6923FAE1-3637-4989-A598-F4B434033EFF}.Release|Any CPU.ActiveCfg = Release|Any CPU
		{6923FAE1-3637-4989-A598-F4B434033EFF}.Release|Any CPU.Build.0 = Release|Any CPU
		{97647448-7BB1-4703-A1D4-7EE7D85B7C7F}.Debug|Any CPU.ActiveCfg = Debug|Any CPU
		{97647448-7BB1-4703-A1D4-7EE7D85B7C7F}.Debug|Any CPU.Build.0 = Debug|Any CPU
		{97647448-7BB1-4703-A1D4-7EE7D85B7C7F}.Release|Any CPU.ActiveCfg = Release|Any CPU
		{97647448-7BB1-4703-A1D4-7EE7D85B7C7F}.Release|Any CPU.Build.0 = Release|Any CPU
		{983459EF-F107-4642-BCBC-9DBFB2885CB2}.Debug|Any CPU.ActiveCfg = Debug|Any CPU
		{983459EF-F107-4642-BCBC-9DBFB2885CB2}.Debug|Any CPU.Build.0 = Debug|Any CPU
		{983459EF-F107-4642-BCBC-9DBFB2885CB2}.Release|Any CPU.ActiveCfg = Release|Any CPU
		{983459EF-F107-4642-BCBC-9DBFB2885CB2}.Release|Any CPU.Build.0 = Release|Any CPU
		{3AD2A97D-8D55-426A-ADAD-C325BF67AD6F}.Debug|Any CPU.ActiveCfg = Debug|Any CPU
		{3AD2A97D-8D55-426A-ADAD-C325BF67AD6F}.Debug|Any CPU.Build.0 = Debug|Any CPU
		{3AD2A97D-8D55-426A-ADAD-C325BF67AD6F}.Release|Any CPU.ActiveCfg = Release|Any CPU
		{3AD2A97D-8D55-426A-ADAD-C325BF67AD6F}.Release|Any CPU.Build.0 = Release|Any CPU
		{AF2B8C5C-0BCF-499D-AF67-BA520459AD05}.Debug|Any CPU.ActiveCfg = Debug|Any CPU
		{AF2B8C5C-0BCF-499D-AF67-BA520459AD05}.Debug|Any CPU.Build.0 = Debug|Any CPU
		{AF2B8C5C-0BCF-499D-AF67-BA520459AD05}.Release|Any CPU.ActiveCfg = Release|Any CPU
		{AF2B8C5C-0BCF-499D-AF67-BA520459AD05}.Release|Any CPU.Build.0 = Release|Any CPU
		{D916C315-DAA0-43E2-AA53-9F4880F63F14}.Debug|Any CPU.ActiveCfg = Debug|Any CPU
		{D916C315-DAA0-43E2-AA53-9F4880F63F14}.Debug|Any CPU.Build.0 = Debug|Any CPU
		{D916C315-DAA0-43E2-AA53-9F4880F63F14}.Release|Any CPU.ActiveCfg = Release|Any CPU
		{D916C315-DAA0-43E2-AA53-9F4880F63F14}.Release|Any CPU.Build.0 = Release|Any CPU
		{EA5DC9AB-4662-484B-B9E1-629D339CA36E}.Debug|Any CPU.ActiveCfg = Debug|Any CPU
		{EA5DC9AB-4662-484B-B9E1-629D339CA36E}.Debug|Any CPU.Build.0 = Debug|Any CPU
		{EA5DC9AB-4662-484B-B9E1-629D339CA36E}.Release|Any CPU.ActiveCfg = Release|Any CPU
		{EA5DC9AB-4662-484B-B9E1-629D339CA36E}.Release|Any CPU.Build.0 = Release|Any CPU
		{376C6D8B-6C2D-4EBC-857B-86BE8933D1D0}.Debug|Any CPU.ActiveCfg = Debug|Any CPU
		{376C6D8B-6C2D-4EBC-857B-86BE8933D1D0}.Debug|Any CPU.Build.0 = Debug|Any CPU
		{376C6D8B-6C2D-4EBC-857B-86BE8933D1D0}.Release|Any CPU.ActiveCfg = Release|Any CPU
		{376C6D8B-6C2D-4EBC-857B-86BE8933D1D0}.Release|Any CPU.Build.0 = Release|Any CPU
		{5CF74641-67EC-44A4-A582-284A33839945}.Debug|Any CPU.ActiveCfg = Debug|Any CPU
		{5CF74641-67EC-44A4-A582-284A33839945}.Debug|Any CPU.Build.0 = Debug|Any CPU
		{5CF74641-67EC-44A4-A582-284A33839945}.Release|Any CPU.ActiveCfg = Release|Any CPU
		{5CF74641-67EC-44A4-A582-284A33839945}.Release|Any CPU.Build.0 = Release|Any CPU
		{94BC2979-3E6F-4A7C-91AC-9EDB416805BF}.Debug|Any CPU.ActiveCfg = Debug|Any CPU
		{94BC2979-3E6F-4A7C-91AC-9EDB416805BF}.Debug|Any CPU.Build.0 = Debug|Any CPU
		{94BC2979-3E6F-4A7C-91AC-9EDB416805BF}.Release|Any CPU.ActiveCfg = Release|Any CPU
		{94BC2979-3E6F-4A7C-91AC-9EDB416805BF}.Release|Any CPU.Build.0 = Release|Any CPU
		{6016B0BE-19D5-4C4E-91A2-1FB39E9439FA}.Debug|Any CPU.ActiveCfg = Debug|Any CPU
		{6016B0BE-19D5-4C4E-91A2-1FB39E9439FA}.Debug|Any CPU.Build.0 = Debug|Any CPU
		{6016B0BE-19D5-4C4E-91A2-1FB39E9439FA}.Release|Any CPU.ActiveCfg = Release|Any CPU
		{6016B0BE-19D5-4C4E-91A2-1FB39E9439FA}.Release|Any CPU.Build.0 = Release|Any CPU
		{38CFBEB7-2163-42C9-8D2D-9810D0CE23A9}.Debug|Any CPU.ActiveCfg = Debug|Any CPU
		{38CFBEB7-2163-42C9-8D2D-9810D0CE23A9}.Debug|Any CPU.Build.0 = Debug|Any CPU
		{38CFBEB7-2163-42C9-8D2D-9810D0CE23A9}.Release|Any CPU.ActiveCfg = Release|Any CPU
		{38CFBEB7-2163-42C9-8D2D-9810D0CE23A9}.Release|Any CPU.Build.0 = Release|Any CPU
		{051CCB77-060B-40CB-995A-D8E06199CD61}.Debug|Any CPU.ActiveCfg = Debug|Any CPU
		{051CCB77-060B-40CB-995A-D8E06199CD61}.Debug|Any CPU.Build.0 = Debug|Any CPU
		{051CCB77-060B-40CB-995A-D8E06199CD61}.Release|Any CPU.ActiveCfg = Release|Any CPU
		{051CCB77-060B-40CB-995A-D8E06199CD61}.Release|Any CPU.Build.0 = Release|Any CPU
		{37F0CFD7-99D0-4322-9E82-F141B061DEF3}.Debug|Any CPU.ActiveCfg = Debug|Any CPU
		{37F0CFD7-99D0-4322-9E82-F141B061DEF3}.Debug|Any CPU.Build.0 = Debug|Any CPU
		{37F0CFD7-99D0-4322-9E82-F141B061DEF3}.Release|Any CPU.ActiveCfg = Release|Any CPU
		{37F0CFD7-99D0-4322-9E82-F141B061DEF3}.Release|Any CPU.Build.0 = Release|Any CPU
		{EEEE3793-F054-4988-8914-2778A4E39F51}.Debug|Any CPU.ActiveCfg = Debug|Any CPU
		{EEEE3793-F054-4988-8914-2778A4E39F51}.Debug|Any CPU.Build.0 = Debug|Any CPU
		{EEEE3793-F054-4988-8914-2778A4E39F51}.Release|Any CPU.ActiveCfg = Release|Any CPU
		{EEEE3793-F054-4988-8914-2778A4E39F51}.Release|Any CPU.Build.0 = Release|Any CPU
		{B6A753D1-2531-47DF-A9BF-400D9AA609CE}.Debug|Any CPU.ActiveCfg = Debug|Any CPU
		{B6A753D1-2531-47DF-A9BF-400D9AA609CE}.Debug|Any CPU.Build.0 = Debug|Any CPU
		{B6A753D1-2531-47DF-A9BF-400D9AA609CE}.Release|Any CPU.ActiveCfg = Release|Any CPU
		{B6A753D1-2531-47DF-A9BF-400D9AA609CE}.Release|Any CPU.Build.0 = Release|Any CPU
		{78F3E9E4-042E-4DF7-A8CF-C5A7E19E2AC9}.Debug|Any CPU.ActiveCfg = Debug|Any CPU
		{78F3E9E4-042E-4DF7-A8CF-C5A7E19E2AC9}.Debug|Any CPU.Build.0 = Debug|Any CPU
		{78F3E9E4-042E-4DF7-A8CF-C5A7E19E2AC9}.Release|Any CPU.ActiveCfg = Release|Any CPU
		{78F3E9E4-042E-4DF7-A8CF-C5A7E19E2AC9}.Release|Any CPU.Build.0 = Release|Any CPU
		{25464FB1-D712-405C-B4E1-A1D3DF78A8F3}.Debug|Any CPU.ActiveCfg = Debug|Any CPU
		{25464FB1-D712-405C-B4E1-A1D3DF78A8F3}.Debug|Any CPU.Build.0 = Debug|Any CPU
		{25464FB1-D712-405C-B4E1-A1D3DF78A8F3}.Release|Any CPU.ActiveCfg = Release|Any CPU
		{25464FB1-D712-405C-B4E1-A1D3DF78A8F3}.Release|Any CPU.Build.0 = Release|Any CPU
		{6E073990-EE32-4E51-8F96-FE493D8BDC28}.Debug|Any CPU.ActiveCfg = Debug|Any CPU
		{6E073990-EE32-4E51-8F96-FE493D8BDC28}.Debug|Any CPU.Build.0 = Debug|Any CPU
		{6E073990-EE32-4E51-8F96-FE493D8BDC28}.Release|Any CPU.ActiveCfg = Release|Any CPU
		{6E073990-EE32-4E51-8F96-FE493D8BDC28}.Release|Any CPU.Build.0 = Release|Any CPU
		{D941AED9-37A9-4734-BE8A-BCE75BD84D76}.Debug|Any CPU.ActiveCfg = Debug|Any CPU
		{D941AED9-37A9-4734-BE8A-BCE75BD84D76}.Debug|Any CPU.Build.0 = Debug|Any CPU
		{D941AED9-37A9-4734-BE8A-BCE75BD84D76}.Release|Any CPU.ActiveCfg = Release|Any CPU
		{D941AED9-37A9-4734-BE8A-BCE75BD84D76}.Release|Any CPU.Build.0 = Release|Any CPU
		{82D7F5E0-C027-4238-89BF-C8C33DF1BB9E}.Debug|Any CPU.ActiveCfg = Debug|Any CPU
		{82D7F5E0-C027-4238-89BF-C8C33DF1BB9E}.Debug|Any CPU.Build.0 = Debug|Any CPU
		{82D7F5E0-C027-4238-89BF-C8C33DF1BB9E}.Release|Any CPU.ActiveCfg = Release|Any CPU
		{82D7F5E0-C027-4238-89BF-C8C33DF1BB9E}.Release|Any CPU.Build.0 = Release|Any CPU
		{3267E37E-3FEE-47ED-A985-535E1C944D44}.Debug|Any CPU.ActiveCfg = Debug|Any CPU
		{3267E37E-3FEE-47ED-A985-535E1C944D44}.Debug|Any CPU.Build.0 = Debug|Any CPU
		{3267E37E-3FEE-47ED-A985-535E1C944D44}.Release|Any CPU.ActiveCfg = Release|Any CPU
		{3267E37E-3FEE-47ED-A985-535E1C944D44}.Release|Any CPU.Build.0 = Release|Any CPU
		{6C76D6D0-71C6-4291-B102-977E2435E038}.Debug|Any CPU.ActiveCfg = Debug|Any CPU
		{6C76D6D0-71C6-4291-B102-977E2435E038}.Debug|Any CPU.Build.0 = Debug|Any CPU
		{6C76D6D0-71C6-4291-B102-977E2435E038}.Release|Any CPU.ActiveCfg = Release|Any CPU
		{6C76D6D0-71C6-4291-B102-977E2435E038}.Release|Any CPU.Build.0 = Release|Any CPU
		{521A73DD-B31A-4269-A22D-0E34AC55F317}.Debug|Any CPU.ActiveCfg = Debug|Any CPU
		{521A73DD-B31A-4269-A22D-0E34AC55F317}.Debug|Any CPU.Build.0 = Debug|Any CPU
		{521A73DD-B31A-4269-A22D-0E34AC55F317}.Release|Any CPU.ActiveCfg = Release|Any CPU
		{521A73DD-B31A-4269-A22D-0E34AC55F317}.Release|Any CPU.Build.0 = Release|Any CPU
		{CCDFDFD0-5827-4D52-803D-6A8885742ABE}.Debug|Any CPU.ActiveCfg = Debug|Any CPU
		{CCDFDFD0-5827-4D52-803D-6A8885742ABE}.Debug|Any CPU.Build.0 = Debug|Any CPU
		{CCDFDFD0-5827-4D52-803D-6A8885742ABE}.Release|Any CPU.ActiveCfg = Release|Any CPU
		{CCDFDFD0-5827-4D52-803D-6A8885742ABE}.Release|Any CPU.Build.0 = Release|Any CPU
		{040FDCCD-0FD7-42AF-B5E8-C8043CCF8922}.Debug|Any CPU.ActiveCfg = Debug|Any CPU
		{040FDCCD-0FD7-42AF-B5E8-C8043CCF8922}.Debug|Any CPU.Build.0 = Debug|Any CPU
		{040FDCCD-0FD7-42AF-B5E8-C8043CCF8922}.Release|Any CPU.ActiveCfg = Release|Any CPU
		{040FDCCD-0FD7-42AF-B5E8-C8043CCF8922}.Release|Any CPU.Build.0 = Release|Any CPU
		{9C8E3169-17EE-40D8-BFA1-12FED1A0A5B0}.Debug|Any CPU.ActiveCfg = Debug|Any CPU
		{9C8E3169-17EE-40D8-BFA1-12FED1A0A5B0}.Debug|Any CPU.Build.0 = Debug|Any CPU
		{9C8E3169-17EE-40D8-BFA1-12FED1A0A5B0}.Release|Any CPU.ActiveCfg = Release|Any CPU
		{9C8E3169-17EE-40D8-BFA1-12FED1A0A5B0}.Release|Any CPU.Build.0 = Release|Any CPU
		{AD3A8FF4-FBD2-4BEE-BF83-D123A6E4019C}.Debug|Any CPU.ActiveCfg = Debug|Any CPU
		{AD3A8FF4-FBD2-4BEE-BF83-D123A6E4019C}.Debug|Any CPU.Build.0 = Debug|Any CPU
		{AD3A8FF4-FBD2-4BEE-BF83-D123A6E4019C}.Release|Any CPU.ActiveCfg = Release|Any CPU
		{AD3A8FF4-FBD2-4BEE-BF83-D123A6E4019C}.Release|Any CPU.Build.0 = Release|Any CPU
		{7CBBC446-E94D-482A-A241-13E098EF01BC}.Debug|Any CPU.ActiveCfg = Debug|Any CPU
		{7CBBC446-E94D-482A-A241-13E098EF01BC}.Debug|Any CPU.Build.0 = Debug|Any CPU
		{7CBBC446-E94D-482A-A241-13E098EF01BC}.Release|Any CPU.ActiveCfg = Release|Any CPU
		{7CBBC446-E94D-482A-A241-13E098EF01BC}.Release|Any CPU.Build.0 = Release|Any CPU
		{BDB44221-27D8-4D66-97D6-66BB8E18F369}.Debug|Any CPU.ActiveCfg = Debug|Any CPU
		{BDB44221-27D8-4D66-97D6-66BB8E18F369}.Debug|Any CPU.Build.0 = Debug|Any CPU
		{BDB44221-27D8-4D66-97D6-66BB8E18F369}.Release|Any CPU.ActiveCfg = Release|Any CPU
		{BDB44221-27D8-4D66-97D6-66BB8E18F369}.Release|Any CPU.Build.0 = Release|Any CPU
	EndGlobalSection
	GlobalSection(NestedProjects) = preSolution
		{B5792C7B-EBE1-4D17-91D7-BA9A06F21E0C} = {66CA29F0-9DA1-4FAE-A25C-89CBEF3C1584}
		{CE960EA3-BB8C-4BF3-846C-EE5055D142F0} = {66CA29F0-9DA1-4FAE-A25C-89CBEF3C1584}
		{B7904C66-33DF-4912-B4DF-E90351C7EADE} = {425625D0-188A-489F-B8A9-39A19AD2E3FB}
		{C56297ED-7D94-4F25-8EDF-72314491DED2} = {425625D0-188A-489F-B8A9-39A19AD2E3FB}
		{D5483B25-A9BC-4C68-BBA1-A9FAA6AF4497} = {0936DB91-5C0B-41E8-B48D-6454CEBE60CE}
		{5275E5C9-BCFB-452A-BBB5-CF5612E064F4} = {AB614022-F5F9-46AF-A8EC-3B3C0A2A4CBB}
		{4AC5C1BE-2955-4DFD-983E-A5F5AB97F83F} = {6550ACD9-0D1B-4A84-8488-0B67889B1394}
		{44F56802-7EDA-4A07-8FF3-82B77DD840A3} = {81AADFB2-A9E1-4EDE-938C-43C295DA84D7}
		{96E8D317-62C4-4ADC-869E-9483B8C3811B} = {A81CDB99-EA57-457E-8B13-32E90C9F78A7}
		{7C2F3BE9-AF82-4F62-BC09-825A3CACB471} = {D0CA9A1B-77E2-4A69-8780-55FE2A89BABD}
		{EA982D81-B06B-473E-B547-CA26743D6604} = {D0CA9A1B-77E2-4A69-8780-55FE2A89BABD}
		{4BD4E68C-9582-4D09-903F-4CB7A3C3DA5E} = {23CECA01-EB97-4186-93F7-C977535E4284}
		{6D1352A0-462A-4C39-9B23-CB13F11BA4E2} = {23CECA01-EB97-4186-93F7-C977535E4284}
		{FEB66CF6-A22F-4CCF-87C4-480C6AA80A78} = {CB3F1515-3CBE-4AC8-9110-69D173745EEE}
		{66869ECE-B747-4F21-9A96-CEA2C2CAC229} = {05DD333C-FBEC-40F3-803D-0FD8935B9830}
		{31302862-71A2-4DAB-9763-546F1178DD12} = {5597F95E-9548-4BAC-8B63-59AC58A89E98}
		{AC0FB2C0-5849-4E1F-A61D-700A9E501970} = {5597F95E-9548-4BAC-8B63-59AC58A89E98}
		{85B2760E-0E4E-4E07-85F4-CE23005128D0} = {5D462947-448B-477D-829F-4BEBE0E69104}
		{FA3583DE-5F35-45BB-95B5-94A05BC5A08A} = {BAEF18D4-6DE4-4BCB-9BE2-6C7B7EC74468}
		{2DDA7B96-A1BC-4026-B43E-8DAC68B70B3D} = {C9F83E15-44E7-4072-8D84-CD981FF341BB}
		{6923FAE1-3637-4989-A598-F4B434033EFF} = {C9F83E15-44E7-4072-8D84-CD981FF341BB}
		{97647448-7BB1-4703-A1D4-7EE7D85B7C7F} = {009DAB16-7698-419A-B264-A2BA972C55FA}
		{983459EF-F107-4642-BCBC-9DBFB2885CB2} = {009DAB16-7698-419A-B264-A2BA972C55FA}
		{3AD2A97D-8D55-426A-ADAD-C325BF67AD6F} = {791DA1E8-350D-40BF-A6B0-0C3916671FF2}
		{AF2B8C5C-0BCF-499D-AF67-BA520459AD05} = {791DA1E8-350D-40BF-A6B0-0C3916671FF2}
		{D916C315-DAA0-43E2-AA53-9F4880F63F14} = {5B0C71B1-AE58-4EE6-AAD4-D7EEC01C2E4C}
		{EA5DC9AB-4662-484B-B9E1-629D339CA36E} = {BE08B672-4A9F-4843-BA5D-FA4A8B4E11B9}
		{376C6D8B-6C2D-4EBC-857B-86BE8933D1D0} = {0EF30AEC-AA88-49AB-8229-0CDC55C2F8F3}
		{5CF74641-67EC-44A4-A582-284A33839945} = {0EF30AEC-AA88-49AB-8229-0CDC55C2F8F3}
		{6016B0BE-19D5-4C4E-91A2-1FB39E9439FA} = {F1C37074-FBCB-49E8-8752-68DFCA89144B}
		{38CFBEB7-2163-42C9-8D2D-9810D0CE23A9} = {F1C37074-FBCB-49E8-8752-68DFCA89144B}
		{051CCB77-060B-40CB-995A-D8E06199CD61} = {5B0C71B1-AE58-4EE6-AAD4-D7EEC01C2E4C}
		{37F0CFD7-99D0-4322-9E82-F141B061DEF3} = {5AE7AC61-7A40-43E0-88BE-69E28F128251}
		{EEEE3793-F054-4988-8914-2778A4E39F51} = {927DFB7E-179F-414E-A831-46C28F8F0796}
		{B6A753D1-2531-47DF-A9BF-400D9AA609CE} = {86258750-144D-4B9D-8543-734F9B468EA9}
		{78F3E9E4-042E-4DF7-A8CF-C5A7E19E2AC9} = {B89C15A2-5A73-4231-8BE5-7915B9F2D5EF}
		{25464FB1-D712-405C-B4E1-A1D3DF78A8F3} = {3FE921B2-92D2-436E-BC5E-F40BA75506F2}
		{6E073990-EE32-4E51-8F96-FE493D8BDC28} = {3DF69AD7-2141-4BD0-B724-D85933C5CA65}
		{D941AED9-37A9-4734-BE8A-BCE75BD84D76} = {07F8B834-58D4-4727-86EC-289C62E9D03F}
		{82D7F5E0-C027-4238-89BF-C8C33DF1BB9E} = {8AC3C8DE-A756-4AF5-8364-3FDEC143C1BD}
		{3267E37E-3FEE-47ED-A985-535E1C944D44} = {30CC3F5A-0926-4905-B3B6-EEB673ED7582}
		{6C76D6D0-71C6-4291-B102-977E2435E038} = {E936877C-02A1-44F4-AE35-917B07E8605E}
		{521A73DD-B31A-4269-A22D-0E34AC55F317} = {0D3ED7AF-D2C0-4DD0-A440-F67D913F0994}
		{CCDFDFD0-5827-4D52-803D-6A8885742ABE} = {29F128A8-2E75-47DC-B324-5B24AE0076A6}
		{040FDCCD-0FD7-42AF-B5E8-C8043CCF8922} = {E2D3F18B-BA14-4D15-943A-9C72D1A7DAB6}
		{9C8E3169-17EE-40D8-BFA1-12FED1A0A5B0} = {5228457E-D6B9-48D0-B098-CD1C5BA9B9FA}
		{AD3A8FF4-FBD2-4BEE-BF83-D123A6E4019C} = {7490EB56-E74C-4511-90D9-4229D64898B7}
		{7CBBC446-E94D-482A-A241-13E098EF01BC} = {7490EB56-E74C-4511-90D9-4229D64898B7}
		{BDB44221-27D8-4D66-97D6-66BB8E18F369} = {B51B6075-BE57-4558-9A11-054281773D1D}
	EndGlobalSection
EndGlobal
