
Microsoft Visual Studio Solution File, Format Version 12.00
# Visual Studio Version 17
VisualStudioVersion = 17.0.31903.59
MinimumVisualStudioVersion = 10.0.40219.1
Project("{FAE04EC0-301F-11D3-BF4B-00C04F79EFBC}") = "GnomeStack.Text.DotEnv", "src\GnomeStack.Text.DotEnv.csproj", "{59BB386C-ECF5-4350-ACDD-DAB2CA1EFB0C}"
EndProject
Project("{FAE04EC0-301F-11D3-BF4B-00C04F79EFBC}") = "GnomeStack.Text.DotEnv.Tests", "test\GnomeStack.Text.DotEnv.Tests.csproj", "{F8769150-147B-4F2B-9BC8-09CFD1D4E76B}"
EndProject
Global
	GlobalSection(SolutionConfigurationPlatforms) = preSolution
		Debug|Any CPU = Debug|Any CPU
		Release|Any CPU = Release|Any CPU
	EndGlobalSection
	GlobalSection(SolutionProperties) = preSolution
		HideSolutionNode = FALSE
	EndGlobalSection
	GlobalSection(ProjectConfigurationPlatforms) = postSolution
		{59BB386C-ECF5-4350-ACDD-DAB2CA1EFB0C}.Debug|Any CPU.ActiveCfg = Debug|Any CPU
		{59BB386C-ECF5-4350-ACDD-DAB2CA1EFB0C}.Debug|Any CPU.Build.0 = Debug|Any CPU
		{59BB386C-ECF5-4350-ACDD-DAB2CA1EFB0C}.Release|Any CPU.ActiveCfg = Release|Any CPU
		{59BB386C-ECF5-4350-ACDD-DAB2CA1EFB0C}.Release|Any CPU.Build.0 = Release|Any CPU
		{F8769150-147B-4F2B-9BC8-09CFD1D4E76B}.Debug|Any CPU.ActiveCfg = Debug|Any CPU
		{F8769150-147B-4F2B-9BC8-09CFD1D4E76B}.Debug|Any CPU.Build.0 = Debug|Any CPU
		{F8769150-147B-4F2B-9BC8-09CFD1D4E76B}.Release|Any CPU.ActiveCfg = Release|Any CPU
		{F8769150-147B-4F2B-9BC8-09CFD1D4E76B}.Release|Any CPU.Build.0 = Release|Any CPU
	EndGlobalSection
EndGlobal
