
Microsoft Visual Studio Solution File, Format Version 12.00
# Visual Studio Version 17
VisualStudioVersion = 17.0.31903.59
MinimumVisualStudioVersion = 10.0.40219.1
Project("{FAE04EC0-301F-11D3-BF4B-00C04F79EFBC}") = "GnomeStack.CommandLine.Hosting", "src\GnomeStack.CommandLine.Hosting.csproj", "{2612B9A6-368F-4213-90AC-3176343A7499}"
EndProject
Global
	GlobalSection(SolutionConfigurationPlatforms) = preSolution
		Debug|Any CPU = Debug|Any CPU
		Release|Any CPU = Release|Any CPU
	EndGlobalSection
	GlobalSection(SolutionProperties) = preSolution
		HideSolutionNode = FALSE
	EndGlobalSection
	GlobalSection(ProjectConfigurationPlatforms) = postSolution
		{2612B9A6-368F-4213-90AC-3176343A7499}.Debug|Any CPU.ActiveCfg = Debug|Any CPU
		{2612B9A6-368F-4213-90AC-3176343A7499}.Debug|Any CPU.Build.0 = Debug|Any CPU
		{2612B9A6-368F-4213-90AC-3176343A7499}.Release|Any CPU.ActiveCfg = Release|Any CPU
		{2612B9A6-368F-4213-90AC-3176343A7499}.Release|Any CPU.Build.0 = Release|Any CPU
	EndGlobalSection
EndGlobal
