
Microsoft Visual Studio Solution File, Format Version 12.00
# Visual Studio Version 17
VisualStudioVersion = 17.0.31903.59
MinimumVisualStudioVersion = 10.0.40219.1
Project("{FAE04EC0-301F-11D3-BF4B-00C04F79EFBC}") = "GnomeStack.Extensions.Caching.Abstractions", "src\GnomeStack.Extensions.Caching.Abstractions.csproj", "{2FB5C45F-C345-416B-A012-BC43DE98DBF8}"
EndProject
Project("{FAE04EC0-301F-11D3-BF4B-00C04F79EFBC}") = "GnomeStack.Extensions.Caching.Abstractions.Tests", "test\GnomeStack.Extensions.Caching.Abstractions.Tests.csproj", "{BFA47256-4946-4440-9B73-4FD1A9A8243A}"
EndProject
Global
	GlobalSection(SolutionConfigurationPlatforms) = preSolution
		Debug|Any CPU = Debug|Any CPU
		Release|Any CPU = Release|Any CPU
	EndGlobalSection
	GlobalSection(SolutionProperties) = preSolution
		HideSolutionNode = FALSE
	EndGlobalSection
	GlobalSection(ProjectConfigurationPlatforms) = postSolution
		{2FB5C45F-C345-416B-A012-BC43DE98DBF8}.Debug|Any CPU.ActiveCfg = Debug|Any CPU
		{2FB5C45F-C345-416B-A012-BC43DE98DBF8}.Debug|Any CPU.Build.0 = Debug|Any CPU
		{2FB5C45F-C345-416B-A012-BC43DE98DBF8}.Release|Any CPU.ActiveCfg = Release|Any CPU
		{2FB5C45F-C345-416B-A012-BC43DE98DBF8}.Release|Any CPU.Build.0 = Release|Any CPU
		{BFA47256-4946-4440-9B73-4FD1A9A8243A}.Debug|Any CPU.ActiveCfg = Debug|Any CPU
		{BFA47256-4946-4440-9B73-4FD1A9A8243A}.Debug|Any CPU.Build.0 = Debug|Any CPU
		{BFA47256-4946-4440-9B73-4FD1A9A8243A}.Release|Any CPU.ActiveCfg = Release|Any CPU
		{BFA47256-4946-4440-9B73-4FD1A9A8243A}.Release|Any CPU.Build.0 = Release|Any CPU
	EndGlobalSection
EndGlobal
