
Microsoft Visual Studio Solution File, Format Version 12.00
# Visual Studio Version 17
VisualStudioVersion = 17.0.31903.59
MinimumVisualStudioVersion = 10.0.40219.1
Project("{FAE04EC0-301F-11D3-BF4B-00C04F79EFBC}") = "GnomeStack.Core", "..\lib\Core\src\GnomeStack.Core.csproj", "{98272455-0C62-4977-9397-AF72DF7A2F19}"
EndProject
Project("{FAE04EC0-301F-11D3-BF4B-00C04F79EFBC}") = "GnomeStack.Ps.ShellRunner", "..\lib\Ps.ShellRunner\src\GnomeStack.Ps.ShellRunner.csproj", "{A373D22A-28C4-499A-A541-56B744BED7FE}"
EndProject
Project("{FAE04EC0-301F-11D3-BF4B-00C04F79EFBC}") = "GnomeStack.Text.Yaml", "..\lib\Text.Yaml\src\GnomeStack.Text.Yaml.csproj", "{C3A4CC3C-669C-4692-9638-8CCC96DD4B8D}"
EndProject
Project("{FAE04EC0-301F-11D3-BF4B-00C04F79EFBC}") = "GnomeStack.Text.DotEnv", "..\lib\Text.DotEnv\src\GnomeStack.Text.DotEnv.csproj", "{AD134765-3CA3-4F43-8F94-864F20A59703}"
EndProject
Project("{2150E333-8FDC-42A3-9474-1A3956D46DE8}") = "PackageManager.Abstractions", "PackageManager.Abstractions", "{9F4D3579-3025-46AA-9B35-85E494C6BE1F}"
EndProject
Project("{FAE04EC0-301F-11D3-BF4B-00C04F79EFBC}") = "GnomeStack.PackageManager.Abstractions", "PackageManager.Abstractions\src\GnomeStack.PackageManager.Abstractions.csproj", "{6049B4DB-4909-4526-8728-F0756607F8C1}"
EndProject
Project("{2150E333-8FDC-42A3-9474-1A3956D46DE8}") = "lib", "lib", "{B4DDB298-E91D-45AF-A2A8-7B7B2A2F50D9}"
EndProject
Global
	GlobalSection(SolutionConfigurationPlatforms) = preSolution
		Debug|Any CPU = Debug|Any CPU
		Release|Any CPU = Release|Any CPU
	EndGlobalSection
	GlobalSection(SolutionProperties) = preSolution
		HideSolutionNode = FALSE
	EndGlobalSection
	GlobalSection(ProjectConfigurationPlatforms) = postSolution
		{98272455-0C62-4977-9397-AF72DF7A2F19}.Debug|Any CPU.ActiveCfg = Debug|Any CPU
		{98272455-0C62-4977-9397-AF72DF7A2F19}.Debug|Any CPU.Build.0 = Debug|Any CPU
		{98272455-0C62-4977-9397-AF72DF7A2F19}.Release|Any CPU.ActiveCfg = Release|Any CPU
		{98272455-0C62-4977-9397-AF72DF7A2F19}.Release|Any CPU.Build.0 = Release|Any CPU
		{A373D22A-28C4-499A-A541-56B744BED7FE}.Debug|Any CPU.ActiveCfg = Debug|Any CPU
		{A373D22A-28C4-499A-A541-56B744BED7FE}.Debug|Any CPU.Build.0 = Debug|Any CPU
		{A373D22A-28C4-499A-A541-56B744BED7FE}.Release|Any CPU.ActiveCfg = Release|Any CPU
		{A373D22A-28C4-499A-A541-56B744BED7FE}.Release|Any CPU.Build.0 = Release|Any CPU
		{C3A4CC3C-669C-4692-9638-8CCC96DD4B8D}.Debug|Any CPU.ActiveCfg = Debug|Any CPU
		{C3A4CC3C-669C-4692-9638-8CCC96DD4B8D}.Debug|Any CPU.Build.0 = Debug|Any CPU
		{C3A4CC3C-669C-4692-9638-8CCC96DD4B8D}.Release|Any CPU.ActiveCfg = Release|Any CPU
		{C3A4CC3C-669C-4692-9638-8CCC96DD4B8D}.Release|Any CPU.Build.0 = Release|Any CPU
		{AD134765-3CA3-4F43-8F94-864F20A59703}.Debug|Any CPU.ActiveCfg = Debug|Any CPU
		{AD134765-3CA3-4F43-8F94-864F20A59703}.Debug|Any CPU.Build.0 = Debug|Any CPU
		{AD134765-3CA3-4F43-8F94-864F20A59703}.Release|Any CPU.ActiveCfg = Release|Any CPU
		{AD134765-3CA3-4F43-8F94-864F20A59703}.Release|Any CPU.Build.0 = Release|Any CPU
		{6049B4DB-4909-4526-8728-F0756607F8C1}.Debug|Any CPU.ActiveCfg = Debug|Any CPU
		{6049B4DB-4909-4526-8728-F0756607F8C1}.Debug|Any CPU.Build.0 = Debug|Any CPU
		{6049B4DB-4909-4526-8728-F0756607F8C1}.Release|Any CPU.ActiveCfg = Release|Any CPU
		{6049B4DB-4909-4526-8728-F0756607F8C1}.Release|Any CPU.Build.0 = Release|Any CPU
	EndGlobalSection
	GlobalSection(NestedProjects) = preSolution
		{6049B4DB-4909-4526-8728-F0756607F8C1} = {9F4D3579-3025-46AA-9B35-85E494C6BE1F}
		{98272455-0C62-4977-9397-AF72DF7A2F19} = {B4DDB298-E91D-45AF-A2A8-7B7B2A2F50D9}
		{A373D22A-28C4-499A-A541-56B744BED7FE} = {B4DDB298-E91D-45AF-A2A8-7B7B2A2F50D9}
		{AD134765-3CA3-4F43-8F94-864F20A59703} = {B4DDB298-E91D-45AF-A2A8-7B7B2A2F50D9}
		{C3A4CC3C-669C-4692-9638-8CCC96DD4B8D} = {B4DDB298-E91D-45AF-A2A8-7B7B2A2F50D9}
	EndGlobalSection
EndGlobal
