
Microsoft Visual Studio Solution File, Format Version 12.00
# Visual Studio Version 17
VisualStudioVersion = 17.0.31903.59
MinimumVisualStudioVersion = 10.0.40219.1
Project("{FAE04EC0-301F-11D3-BF4B-00C04F79EFBC}") = "GnomeStack.Builder", "src\GnomeStack.Builder.csproj", "{C044E59F-401E-47FE-838D-41238DB75B85}"
EndProject
Project("{FAE04EC0-301F-11D3-BF4B-00C04F79EFBC}") = "GnomeStack.Builder.Tests", "test\GnomeStack.Builder.Tests.csproj", "{469A4238-F843-410C-9F4D-2E663E7FF0D4}"
EndProject
Global
	GlobalSection(SolutionConfigurationPlatforms) = preSolution
		Debug|Any CPU = Debug|Any CPU
		Release|Any CPU = Release|Any CPU
	EndGlobalSection
	GlobalSection(SolutionProperties) = preSolution
		HideSolutionNode = FALSE
	EndGlobalSection
	GlobalSection(ProjectConfigurationPlatforms) = postSolution
		{C044E59F-401E-47FE-838D-41238DB75B85}.Debug|Any CPU.ActiveCfg = Debug|Any CPU
		{C044E59F-401E-47FE-838D-41238DB75B85}.Debug|Any CPU.Build.0 = Debug|Any CPU
		{C044E59F-401E-47FE-838D-41238DB75B85}.Release|Any CPU.ActiveCfg = Release|Any CPU
		{C044E59F-401E-47FE-838D-41238DB75B85}.Release|Any CPU.Build.0 = Release|Any CPU
		{469A4238-F843-410C-9F4D-2E663E7FF0D4}.Debug|Any CPU.ActiveCfg = Debug|Any CPU
		{469A4238-F843-410C-9F4D-2E663E7FF0D4}.Debug|Any CPU.Build.0 = Debug|Any CPU
		{469A4238-F843-410C-9F4D-2E663E7FF0D4}.Release|Any CPU.ActiveCfg = Release|Any CPU
		{469A4238-F843-410C-9F4D-2E663E7FF0D4}.Release|Any CPU.Build.0 = Release|Any CPU
	EndGlobalSection
EndGlobal
