
Microsoft Visual Studio Solution File, Format Version 12.00
# Visual Studio Version 17
VisualStudioVersion = 17.0.31903.59
MinimumVisualStudioVersion = 10.0.40219.1
Project("{2150E333-8FDC-42A3-9474-1A3956D46DE8}") = "src", "src", "{359E2C0D-7FB7-478C-806C-EBA56DABD1EA}"
EndProject
Project("{FAE04EC0-301F-11D3-BF4B-00C04F79EFBC}") = "GnomeStack.Core", "src\Core\GnomeStack.Core.csproj", "{09403FA0-BF8B-40C2-9CDE-F9B99D9765CF}"
EndProject
Project("{2150E333-8FDC-42A3-9474-1A3956D46DE8}") = "test", "test", "{46BAB321-1F15-4C65-BD5A-00D8A08E4208}"
EndProject
Project("{FAE04EC0-301F-11D3-BF4B-00C04F79EFBC}") = "GnomeStack.Core.Tests", "test\Core.Tests\GnomeStack.Core.Tests.csproj", "{F3647517-2E87-4995-BBCD-84EF5BF1AB52}"
EndProject
Project("{FAE04EC0-301F-11D3-BF4B-00C04F79EFBC}") = "GnomeStack.Security.Tests", "test\Security.Tests\GnomeStack.Security.Tests.csproj", "{95418C69-5F81-4B82-BB4E-79267F6686A2}"
EndProject
Project("{FAE04EC0-301F-11D3-BF4B-00C04F79EFBC}") = "GnomeStack.Security.Cryptography", "src\Security.Cryptography\GnomeStack.Security.Cryptography.csproj", "{3F60C870-9E1E-4A0C-A540-77F799B835AF}"
EndProject
Global
	GlobalSection(SolutionConfigurationPlatforms) = preSolution
		Debug|Any CPU = Debug|Any CPU
		Release|Any CPU = Release|Any CPU
	EndGlobalSection
	GlobalSection(SolutionProperties) = preSolution
		HideSolutionNode = FALSE
	EndGlobalSection
	GlobalSection(ProjectConfigurationPlatforms) = postSolution
		{09403FA0-BF8B-40C2-9CDE-F9B99D9765CF}.Debug|Any CPU.ActiveCfg = Debug|Any CPU
		{09403FA0-BF8B-40C2-9CDE-F9B99D9765CF}.Debug|Any CPU.Build.0 = Debug|Any CPU
		{09403FA0-BF8B-40C2-9CDE-F9B99D9765CF}.Release|Any CPU.ActiveCfg = Release|Any CPU
		{09403FA0-BF8B-40C2-9CDE-F9B99D9765CF}.Release|Any CPU.Build.0 = Release|Any CPU
		{F3647517-2E87-4995-BBCD-84EF5BF1AB52}.Debug|Any CPU.ActiveCfg = Debug|Any CPU
		{F3647517-2E87-4995-BBCD-84EF5BF1AB52}.Debug|Any CPU.Build.0 = Debug|Any CPU
		{F3647517-2E87-4995-BBCD-84EF5BF1AB52}.Release|Any CPU.ActiveCfg = Release|Any CPU
		{F3647517-2E87-4995-BBCD-84EF5BF1AB52}.Release|Any CPU.Build.0 = Release|Any CPU
		{95418C69-5F81-4B82-BB4E-79267F6686A2}.Debug|Any CPU.ActiveCfg = Debug|Any CPU
		{95418C69-5F81-4B82-BB4E-79267F6686A2}.Debug|Any CPU.Build.0 = Debug|Any CPU
		{95418C69-5F81-4B82-BB4E-79267F6686A2}.Release|Any CPU.ActiveCfg = Release|Any CPU
		{95418C69-5F81-4B82-BB4E-79267F6686A2}.Release|Any CPU.Build.0 = Release|Any CPU
		{3F60C870-9E1E-4A0C-A540-77F799B835AF}.Debug|Any CPU.ActiveCfg = Debug|Any CPU
		{3F60C870-9E1E-4A0C-A540-77F799B835AF}.Debug|Any CPU.Build.0 = Debug|Any CPU
		{3F60C870-9E1E-4A0C-A540-77F799B835AF}.Release|Any CPU.ActiveCfg = Release|Any CPU
		{3F60C870-9E1E-4A0C-A540-77F799B835AF}.Release|Any CPU.Build.0 = Release|Any CPU
	EndGlobalSection
	GlobalSection(NestedProjects) = preSolution
		{09403FA0-BF8B-40C2-9CDE-F9B99D9765CF} = {359E2C0D-7FB7-478C-806C-EBA56DABD1EA}
		{F3647517-2E87-4995-BBCD-84EF5BF1AB52} = {46BAB321-1F15-4C65-BD5A-00D8A08E4208}
		{95418C69-5F81-4B82-BB4E-79267F6686A2} = {46BAB321-1F15-4C65-BD5A-00D8A08E4208}
		{3F60C870-9E1E-4A0C-A540-77F799B835AF} = {359E2C0D-7FB7-478C-806C-EBA56DABD1EA}
	EndGlobalSection
EndGlobal
