
Microsoft Visual Studio Solution File, Format Version 12.00
# Visual Studio Version 17
VisualStudioVersion = 17.0.31903.59
MinimumVisualStudioVersion = 10.0.40219.1
Project("{FAE04EC0-301F-11D3-BF4B-00C04F79EFBC}") = "GnomeStack.KpcLib", "src\GnomeStack.KpcLib.csproj", "{64FF39A5-D515-4B3E-B310-327A34723B4E}"
EndProject
Project("{FAE04EC0-301F-11D3-BF4B-00C04F79EFBC}") = "GnomeStack.Extras.KpcLib.Tests", "test\GnomeStack.Extras.KpcLib.Tests.csproj", "{39D66F5F-04A4-4A1D-AF70-90B44DBBFE14}"
EndProject
Global
	GlobalSection(SolutionConfigurationPlatforms) = preSolution
		Debug|Any CPU = Debug|Any CPU
		Release|Any CPU = Release|Any CPU
	EndGlobalSection
	GlobalSection(SolutionProperties) = preSolution
		HideSolutionNode = FALSE
	EndGlobalSection
	GlobalSection(ProjectConfigurationPlatforms) = postSolution
		{64FF39A5-D515-4B3E-B310-327A34723B4E}.Debug|Any CPU.ActiveCfg = Debug|Any CPU
		{64FF39A5-D515-4B3E-B310-327A34723B4E}.Debug|Any CPU.Build.0 = Debug|Any CPU
		{64FF39A5-D515-4B3E-B310-327A34723B4E}.Release|Any CPU.ActiveCfg = Release|Any CPU
		{64FF39A5-D515-4B3E-B310-327A34723B4E}.Release|Any CPU.Build.0 = Release|Any CPU
		{39D66F5F-04A4-4A1D-AF70-90B44DBBFE14}.Debug|Any CPU.ActiveCfg = Debug|Any CPU
		{39D66F5F-04A4-4A1D-AF70-90B44DBBFE14}.Debug|Any CPU.Build.0 = Debug|Any CPU
		{39D66F5F-04A4-4A1D-AF70-90B44DBBFE14}.Release|Any CPU.ActiveCfg = Release|Any CPU
		{39D66F5F-04A4-4A1D-AF70-90B44DBBFE14}.Release|Any CPU.Build.0 = Release|Any CPU
	EndGlobalSection
EndGlobal
